Microsoft Visual Studio Solution File, Format Version 12.00
# Visual Studio 2013
Project("{8BC9CEB8-8B4A-11D0-8D11-00A0C91BC942}") = "BundleAdmin", "BundleAdmin_WEC2013_vs120.vcxproj", "{333A4F24-D552-419C-A5FE-B4D0DBFA34A7}"
EndProject
Global
	GlobalSection(SolutionConfigurationPlatforms) = preSolution
		debug_shared|SDK_AM335X_SK_WEC2013_V310 = debug_shared|SDK_AM335X_SK_WEC2013_V310
		release_shared|SDK_AM335X_SK_WEC2013_V310 = release_shared|SDK_AM335X_SK_WEC2013_V310
	EndGlobalSection
	GlobalSection(ProjectConfigurationPlatforms) = postSolution
		{333A4F24-D552-419C-A5FE-B4D0DBFA34A7}.debug_shared|SDK_AM335X_SK_WEC2013_V310.ActiveCfg = debug_shared|SDK_AM335X_SK_WEC2013_V310
		{333A4F24-D552-419C-A5FE-B4D0DBFA34A7}.debug_shared|SDK_AM335X_SK_WEC2013_V310.Build.0 = debug_shared|SDK_AM335X_SK_WEC2013_V310
		{333A4F24-D552-419C-A5FE-B4D0DBFA34A7}.debug_shared|SDK_AM335X_SK_WEC2013_V310.Deploy.0 = debug_shared|SDK_AM335X_SK_WEC2013_V310
		{333A4F24-D552-419C-A5FE-B4D0DBFA34A7}.release_shared|SDK_AM335X_SK_WEC2013_V310.ActiveCfg = release_shared|SDK_AM335X_SK_WEC2013_V310
		{333A4F24-D552-419C-A5FE-B4D0DBFA34A7}.release_shared|SDK_AM335X_SK_WEC2013_V310.Build.0 = release_shared|SDK_AM335X_SK_WEC2013_V310
		{333A4F24-D552-419C-A5FE-B4D0DBFA34A7}.release_shared|SDK_AM335X_SK_WEC2013_V310.Deploy.0 = release_shared|SDK_AM335X_SK_WEC2013_V310
	EndGlobalSection
	GlobalSection(SolutionProperties) = preSolution
		HideSolutionNode = FALSE
	EndGlobalSection
EndGlobal
