Microsoft Visual Studio Solution File, Format Version 8.00
Project("{8BC9CEB8-8B4A-11D0-8D11-00A0C91BC942}") = "WebServer", "WebServer_vs71.vcproj", "{D463523C-765B-43A3-AFD6-33289135B9BD}"
	ProjectSection(ProjectDependencies) = postProject
	EndProjectSection
EndProject
Global
	GlobalSection(SolutionConfiguration) = preSolution
		debug_shared = debug_shared
		release_shared = release_shared
	EndGlobalSection
	GlobalSection(ProjectConfiguration) = postSolution
		{D463523C-765B-43A3-AFD6-33289135B9BD}.debug_shared.ActiveCfg = debug_shared|Win32
		{D463523C-765B-43A3-AFD6-33289135B9BD}.debug_shared.Build.0 = debug_shared|Win32
		{D463523C-765B-43A3-AFD6-33289135B9BD}.release_shared.ActiveCfg = release_shared|Win32
		{D463523C-765B-43A3-AFD6-33289135B9BD}.release_shared.Build.0 = release_shared|Win32
	EndGlobalSection
	GlobalSection(ExtensibilityGlobals) = postSolution
	EndGlobalSection
	GlobalSection(ExtensibilityAddIns) = postSolution
	EndGlobalSection
EndGlobal
