<?xml version="1.0" encoding="utf-8"?>
<Project ToolsVersion="4.0" xmlns="http://schemas.microsoft.com/developer/msbuild/2003">
  <ItemGroup>
    <Filter Include="Remoting">
      <UniqueIdentifier>{a88db4ea-d22c-4981-a3ce-0d868ca24fcc}</UniqueIdentifier>
    </Filter>
    <Filter Include="Remoting\Header Files">
      <UniqueIdentifier>{f465ae26-c8bb-4cce-8507-cd4021dd1975}</UniqueIdentifier>
    </Filter>
    <Filter Include="Remoting\Source Files">
      <UniqueIdentifier>{67c600ae-8f9c-4c92-bd86-c7b03195e140}</UniqueIdentifier>
    </Filter>
    <Filter Include="_Suite">
      <UniqueIdentifier>{fe929d4a-1d5d-4825-8c3d-faeb0479ccaf}</UniqueIdentifier>
    </Filter>
    <Filter Include="_Suite\Header Files">
      <UniqueIdentifier>{b8958415-79af-49cf-a122-850485862156}</UniqueIdentifier>
    </Filter>
    <Filter Include="_Suite\Source Files">
      <UniqueIdentifier>{baa8b266-f003-444a-ae43-fcec63256632}</UniqueIdentifier>
    </Filter>
    <Filter Include="_Driver">
      <UniqueIdentifier>{3db983db-3802-43e4-9659-0c74cd6cc2fd}</UniqueIdentifier>
    </Filter>
    <Filter Include="_Driver\Source Files">
      <UniqueIdentifier>{b9a7a78d-a7ad-4eb7-a860-a94b3867f88c}</UniqueIdentifier>
    </Filter>
    <Filter Include="Generated">
      <UniqueIdentifier>{335417a2-7b64-4fe4-b5dd-bd457cb4e4f2}</UniqueIdentifier>
    </Filter>
    <Filter Include="Generated\Header Files">
      <UniqueIdentifier>{0173df90-f8fd-40c6-ac52-7ded83da80be}</UniqueIdentifier>
    </Filter>
    <Filter Include="Generated\Source Files">
      <UniqueIdentifier>{50a305e4-994a-42c3-8011-c65a8cd818e7}</UniqueIdentifier>
    </Filter>
  </ItemGroup>
  <ItemGroup>
    <ClInclude Include="src\EventFilterTest.h">
      <Filter>Remoting\Header Files</Filter>
    </ClInclude>
    <ClInclude Include="src\RemotingTest.h">
      <Filter>Remoting\Header Files</Filter>
    </ClInclude>
    <ClInclude Include="src\Tester.h">
      <Filter>Remoting\Header Files</Filter>
    </ClInclude>
    <ClInclude Include="src\RemotingTestSuite.h">
      <Filter>_Suite\Header Files</Filter>
    </ClInclude>
    <ClInclude Include="src\Class1Deserializer.h">
      <Filter>Generated\Header Files</Filter>
    </ClInclude>
    <ClInclude Include="src\Class1Serializer.h">
      <Filter>Generated\Header Files</Filter>
    </ClInclude>
    <ClInclude Include="src\ITester.h">
      <Filter>Generated\Header Files</Filter>
    </ClInclude>
    <ClInclude Include="src\Struct1Deserializer.h">
      <Filter>Generated\Header Files</Filter>
    </ClInclude>
    <ClInclude Include="src\Struct1Serializer.h">
      <Filter>Generated\Header Files</Filter>
    </ClInclude>
    <ClInclude Include="src\Struct2Deserializer.h">
      <Filter>Generated\Header Files</Filter>
    </ClInclude>
    <ClInclude Include="src\Struct2Serializer.h">
      <Filter>Generated\Header Files</Filter>
    </ClInclude>
    <ClInclude Include="src\Struct3Deserializer.h">
      <Filter>Generated\Header Files</Filter>
    </ClInclude>
    <ClInclude Include="src\Struct3Serializer.h">
      <Filter>Generated\Header Files</Filter>
    </ClInclude>
    <ClInclude Include="src\Struct4Deserializer.h">
      <Filter>Generated\Header Files</Filter>
    </ClInclude>
    <ClInclude Include="src\Struct4Serializer.h">
      <Filter>Generated\Header Files</Filter>
    </ClInclude>
    <ClInclude Include="src\Struct5Deserializer.h">
      <Filter>Generated\Header Files</Filter>
    </ClInclude>
    <ClInclude Include="src\Struct5Serializer.h">
      <Filter>Generated\Header Files</Filter>
    </ClInclude>
    <ClInclude Include="src\TesterClientHelper.h">
      <Filter>Generated\Header Files</Filter>
    </ClInclude>
    <ClInclude Include="src\TesterEventDispatcher.h">
      <Filter>Generated\Header Files</Filter>
    </ClInclude>
    <ClInclude Include="src\TesterEventSubscriber.h">
      <Filter>Generated\Header Files</Filter>
    </ClInclude>
    <ClInclude Include="src\TesterProxy.h">
      <Filter>Generated\Header Files</Filter>
    </ClInclude>
    <ClInclude Include="src\TesterProxyFactory.h">
      <Filter>Generated\Header Files</Filter>
    </ClInclude>
    <ClInclude Include="src\TesterRemoteObject.h">
      <Filter>Generated\Header Files</Filter>
    </ClInclude>
    <ClInclude Include="src\TesterServerHelper.h">
      <Filter>Generated\Header Files</Filter>
    </ClInclude>
    <ClInclude Include="src\TesterSkeleton.h">
      <Filter>Generated\Source Files</Filter>
    </ClInclude>
  </ItemGroup>
  <ItemGroup>
    <ClCompile Include="src\EventFilterTest.cpp">
      <Filter>Remoting\Source Files</Filter>
    </ClCompile>
    <ClCompile Include="src\RemotingTest.cpp">
      <Filter>Remoting\Source Files</Filter>
    </ClCompile>
    <ClCompile Include="src\Tester.cpp">
      <Filter>Remoting\Source Files</Filter>
    </ClCompile>
    <ClCompile Include="src\RemotingTestSuite.cpp">
      <Filter>_Suite\Source Files</Filter>
    </ClCompile>
    <ClCompile Include="src\Driver.cpp">
      <Filter>_Driver\Source Files</Filter>
    </ClCompile>
    <ClCompile Include="src\ITester.cpp">
      <Filter>Generated\Source Files</Filter>
    </ClCompile>
    <ClCompile Include="src\TesterClientHelper.cpp">
      <Filter>Generated\Source Files</Filter>
    </ClCompile>
    <ClCompile Include="src\TesterEventDispatcher.cpp">
      <Filter>Generated\Source Files</Filter>
    </ClCompile>
    <ClCompile Include="src\TesterEventSubscriber.cpp">
      <Filter>Generated\Source Files</Filter>
    </ClCompile>
    <ClCompile Include="src\TesterProxy.cpp">
      <Filter>Generated\Source Files</Filter>
    </ClCompile>
    <ClCompile Include="src\TesterProxyFactory.cpp">
      <Filter>Generated\Source Files</Filter>
    </ClCompile>
    <ClCompile Include="src\TesterRemoteObject.cpp">
      <Filter>Generated\Source Files</Filter>
    </ClCompile>
    <ClCompile Include="src\TesterServerHelper.cpp">
      <Filter>Generated\Source Files</Filter>
    </ClCompile>
    <ClCompile Include="src\TesterSkeleton.cpp">
      <Filter>Generated\Source Files</Filter>
    </ClCompile>
  </ItemGroup>
</Project>