<?xml version="1.0" encoding="utf-8"?>
<Project ToolsVersion="4.0" xmlns="http://schemas.microsoft.com/developer/msbuild/2003">
  <ItemGroup>
    <Filter Include="Remoting">
      <UniqueIdentifier>{0c42c95f-27da-4b12-9ee9-2cbbcbb120a1}</UniqueIdentifier>
    </Filter>
    <Filter Include="Remoting\Header Files">
      <UniqueIdentifier>{350d4d0c-4d60-4a63-9400-87860739d617}</UniqueIdentifier>
    </Filter>
    <Filter Include="Remoting\Source Files">
      <UniqueIdentifier>{4fcfab61-db52-43b5-abf2-a7ab440298de}</UniqueIdentifier>
    </Filter>
    <Filter Include="_Suite">
      <UniqueIdentifier>{556b2c0a-1b6c-42fe-a06e-a54001d51412}</UniqueIdentifier>
    </Filter>
    <Filter Include="_Suite\Header Files">
      <UniqueIdentifier>{efb9caab-bc30-47a7-a6de-2a8cd83e15f3}</UniqueIdentifier>
    </Filter>
    <Filter Include="_Suite\Source Files">
      <UniqueIdentifier>{9f69ec3b-0902-4e24-a924-6fd3c71c9661}</UniqueIdentifier>
    </Filter>
    <Filter Include="_Driver">
      <UniqueIdentifier>{10ce6a78-3231-4f79-92e0-33a49da83827}</UniqueIdentifier>
    </Filter>
    <Filter Include="_Driver\Source Files">
      <UniqueIdentifier>{0ec4925a-4943-4217-bfa4-6918f2d210b7}</UniqueIdentifier>
    </Filter>
    <Filter Include="Generated">
      <UniqueIdentifier>{0565e09d-4f2e-4102-b4ed-ff615645c83c}</UniqueIdentifier>
    </Filter>
    <Filter Include="Generated\Header Files">
      <UniqueIdentifier>{bf187b54-619d-47d1-befe-e169c0734a86}</UniqueIdentifier>
    </Filter>
    <Filter Include="Generated\Source Files">
      <UniqueIdentifier>{33273456-b583-45be-8194-af1b87853313}</UniqueIdentifier>
    </Filter>
  </ItemGroup>
  <ItemGroup>
    <ClInclude Include="src\RemotingTest.h">
      <Filter>Remoting\Header Files</Filter>
    </ClInclude>
    <ClInclude Include="src\Tester.h">
      <Filter>Remoting\Header Files</Filter>
    </ClInclude>
    <ClInclude Include="src\RemotingTestSuite.h">
      <Filter>_Suite\Header Files</Filter>
    </ClInclude>
    <ClInclude Include="src\Class1Deserializer.h">
      <Filter>Generated\Header Files</Filter>
    </ClInclude>
    <ClInclude Include="src\Class1Serializer.h">
      <Filter>Generated\Header Files</Filter>
    </ClInclude>
    <ClInclude Include="src\ITester.h">
      <Filter>Generated\Header Files</Filter>
    </ClInclude>
    <ClInclude Include="src\Struct1Deserializer.h">
      <Filter>Generated\Header Files</Filter>
    </ClInclude>
    <ClInclude Include="src\Struct1Serializer.h">
      <Filter>Generated\Header Files</Filter>
    </ClInclude>
    <ClInclude Include="src\Struct2Deserializer.h">
      <Filter>Generated\Header Files</Filter>
    </ClInclude>
    <ClInclude Include="src\Struct2Serializer.h">
      <Filter>Generated\Header Files</Filter>
    </ClInclude>
    <ClInclude Include="src\Struct3Deserializer.h">
      <Filter>Generated\Header Files</Filter>
    </ClInclude>
    <ClInclude Include="src\Struct3Serializer.h">
      <Filter>Generated\Header Files</Filter>
    </ClInclude>
    <ClInclude Include="src\Struct4Deserializer.h">
      <Filter>Generated\Header Files</Filter>
    </ClInclude>
    <ClInclude Include="src\Struct4Serializer.h">
      <Filter>Generated\Header Files</Filter>
    </ClInclude>
    <ClInclude Include="src\Struct5Deserializer.h">
      <Filter>Generated\Header Files</Filter>
    </ClInclude>
    <ClInclude Include="src\Struct5Serializer.h">
      <Filter>Generated\Header Files</Filter>
    </ClInclude>
    <ClInclude Include="src\TesterClientHelper.h">
      <Filter>Generated\Header Files</Filter>
    </ClInclude>
    <ClInclude Include="src\TesterEventDispatcher.h">
      <Filter>Generated\Header Files</Filter>
    </ClInclude>
    <ClInclude Include="src\TesterEventSubscriber.h">
      <Filter>Generated\Header Files</Filter>
    </ClInclude>
    <ClInclude Include="src\TesterProxy.h">
      <Filter>Generated\Header Files</Filter>
    </ClInclude>
    <ClInclude Include="src\TesterProxyFactory.h">
      <Filter>Generated\Header Files</Filter>
    </ClInclude>
    <ClInclude Include="src\TesterRemoteObject.h">
      <Filter>Generated\Header Files</Filter>
    </ClInclude>
    <ClInclude Include="src\TesterServerHelper.h">
      <Filter>Generated\Header Files</Filter>
    </ClInclude>
    <ClInclude Include="src\TesterSkeleton.h">
      <Filter>Generated\Source Files</Filter>
    </ClInclude>
  </ItemGroup>
  <ItemGroup>
    <ClCompile Include="src\RemotingTest.cpp">
      <Filter>Remoting\Source Files</Filter>
    </ClCompile>
    <ClCompile Include="src\Tester.cpp">
      <Filter>Remoting\Source Files</Filter>
    </ClCompile>
    <ClCompile Include="src\RemotingTestSuite.cpp">
      <Filter>_Suite\Source Files</Filter>
    </ClCompile>
    <ClCompile Include="src\Driver.cpp">
      <Filter>_Driver\Source Files</Filter>
    </ClCompile>
    <ClCompile Include="src\ITester.cpp">
      <Filter>Generated\Source Files</Filter>
    </ClCompile>
    <ClCompile Include="src\TesterClientHelper.cpp">
      <Filter>Generated\Source Files</Filter>
    </ClCompile>
    <ClCompile Include="src\TesterEventDispatcher.cpp">
      <Filter>Generated\Source Files</Filter>
    </ClCompile>
    <ClCompile Include="src\TesterEventSubscriber.cpp">
      <Filter>Generated\Source Files</Filter>
    </ClCompile>
    <ClCompile Include="src\TesterProxy.cpp">
      <Filter>Generated\Source Files</Filter>
    </ClCompile>
    <ClCompile Include="src\TesterProxyFactory.cpp">
      <Filter>Generated\Source Files</Filter>
    </ClCompile>
    <ClCompile Include="src\TesterRemoteObject.cpp">
      <Filter>Generated\Source Files</Filter>
    </ClCompile>
    <ClCompile Include="src\TesterServerHelper.cpp">
      <Filter>Generated\Source Files</Filter>
    </ClCompile>
    <ClCompile Include="src\TesterSkeleton.cpp">
      <Filter>Generated\Source Files</Filter>
    </ClCompile>
  </ItemGroup>
</Project>