<?xml version="1.0" encoding="utf-8"?>
<Project ToolsVersion="4.0" xmlns="http://schemas.microsoft.com/developer/msbuild/2003">
  <ItemGroup>
    <Filter Include="Remoting">
      <UniqueIdentifier>{91acbb72-63a5-439e-9e03-491e5bf41033}</UniqueIdentifier>
    </Filter>
    <Filter Include="Remoting\Header Files">
      <UniqueIdentifier>{f732ecb9-fd3e-4c90-a391-e922eb02a90a}</UniqueIdentifier>
    </Filter>
    <Filter Include="Remoting\Source Files">
      <UniqueIdentifier>{b8ced403-7e33-4da2-8c3a-9b411249eeaf}</UniqueIdentifier>
    </Filter>
    <Filter Include="_Suite">
      <UniqueIdentifier>{2e4d2ce4-dd35-428c-9a07-6d95a796a97b}</UniqueIdentifier>
    </Filter>
    <Filter Include="_Suite\Header Files">
      <UniqueIdentifier>{b3e7b1ee-f3ed-477c-bc0d-8041f6926c92}</UniqueIdentifier>
    </Filter>
    <Filter Include="_Suite\Source Files">
      <UniqueIdentifier>{63fb18bb-30f1-4c98-b6e3-6681363c4646}</UniqueIdentifier>
    </Filter>
    <Filter Include="_Driver">
      <UniqueIdentifier>{9e3e646a-19d4-49b5-a4a0-4f3615c3d3a5}</UniqueIdentifier>
    </Filter>
    <Filter Include="_Driver\Source Files">
      <UniqueIdentifier>{b0f629e2-4d65-454c-99a8-44316960f3cd}</UniqueIdentifier>
    </Filter>
    <Filter Include="Generated">
      <UniqueIdentifier>{535ffd16-2646-4bed-87a8-7af2a1e05667}</UniqueIdentifier>
    </Filter>
    <Filter Include="Generated\Header Files">
      <UniqueIdentifier>{87f22ee1-f50e-456e-8947-9b730bc139d3}</UniqueIdentifier>
    </Filter>
    <Filter Include="Generated\Source Files">
      <UniqueIdentifier>{20e6cd4d-1d60-40e8-b806-a7fd3f87a981}</UniqueIdentifier>
    </Filter>
  </ItemGroup>
  <ItemGroup>
    <ClInclude Include="src\RemotingTest.h">
      <Filter>Remoting\Header Files</Filter>
    </ClInclude>
    <ClInclude Include="src\Tester.h">
      <Filter>Remoting\Header Files</Filter>
    </ClInclude>
    <ClInclude Include="src\RemotingTestSuite.h">
      <Filter>_Suite\Header Files</Filter>
    </ClInclude>
    <ClInclude Include="src\Class1Deserializer.h">
      <Filter>Generated\Header Files</Filter>
    </ClInclude>
    <ClInclude Include="src\Class1Serializer.h">
      <Filter>Generated\Header Files</Filter>
    </ClInclude>
    <ClInclude Include="src\ITester.h">
      <Filter>Generated\Header Files</Filter>
    </ClInclude>
    <ClInclude Include="src\Struct1Deserializer.h">
      <Filter>Generated\Header Files</Filter>
    </ClInclude>
    <ClInclude Include="src\Struct1Serializer.h">
      <Filter>Generated\Header Files</Filter>
    </ClInclude>
    <ClInclude Include="src\Struct2Deserializer.h">
      <Filter>Generated\Header Files</Filter>
    </ClInclude>
    <ClInclude Include="src\Struct2Serializer.h">
      <Filter>Generated\Header Files</Filter>
    </ClInclude>
    <ClInclude Include="src\Struct3Deserializer.h">
      <Filter>Generated\Header Files</Filter>
    </ClInclude>
    <ClInclude Include="src\Struct3Serializer.h">
      <Filter>Generated\Header Files</Filter>
    </ClInclude>
    <ClInclude Include="src\Struct4Deserializer.h">
      <Filter>Generated\Header Files</Filter>
    </ClInclude>
    <ClInclude Include="src\Struct4Serializer.h">
      <Filter>Generated\Header Files</Filter>
    </ClInclude>
    <ClInclude Include="src\Struct5Deserializer.h">
      <Filter>Generated\Header Files</Filter>
    </ClInclude>
    <ClInclude Include="src\Struct5Serializer.h">
      <Filter>Generated\Header Files</Filter>
    </ClInclude>
    <ClInclude Include="src\TesterClientHelper.h">
      <Filter>Generated\Header Files</Filter>
    </ClInclude>
    <ClInclude Include="src\TesterEventDispatcher.h">
      <Filter>Generated\Header Files</Filter>
    </ClInclude>
    <ClInclude Include="src\TesterEventSubscriber.h">
      <Filter>Generated\Header Files</Filter>
    </ClInclude>
    <ClInclude Include="src\TesterProxy.h">
      <Filter>Generated\Header Files</Filter>
    </ClInclude>
    <ClInclude Include="src\TesterProxyFactory.h">
      <Filter>Generated\Header Files</Filter>
    </ClInclude>
    <ClInclude Include="src\TesterRemoteObject.h">
      <Filter>Generated\Header Files</Filter>
    </ClInclude>
    <ClInclude Include="src\TesterServerHelper.h">
      <Filter>Generated\Header Files</Filter>
    </ClInclude>
    <ClInclude Include="src\TesterSkeleton.h">
      <Filter>Generated\Source Files</Filter>
    </ClInclude>
  </ItemGroup>
  <ItemGroup>
    <ClCompile Include="src\RemotingTest.cpp">
      <Filter>Remoting\Source Files</Filter>
    </ClCompile>
    <ClCompile Include="src\Tester.cpp">
      <Filter>Remoting\Source Files</Filter>
    </ClCompile>
    <ClCompile Include="src\RemotingTestSuite.cpp">
      <Filter>_Suite\Source Files</Filter>
    </ClCompile>
    <ClCompile Include="src\Driver.cpp">
      <Filter>_Driver\Source Files</Filter>
    </ClCompile>
    <ClCompile Include="src\ITester.cpp">
      <Filter>Generated\Source Files</Filter>
    </ClCompile>
    <ClCompile Include="src\TesterClientHelper.cpp">
      <Filter>Generated\Source Files</Filter>
    </ClCompile>
    <ClCompile Include="src\TesterEventDispatcher.cpp">
      <Filter>Generated\Source Files</Filter>
    </ClCompile>
    <ClCompile Include="src\TesterEventSubscriber.cpp">
      <Filter>Generated\Source Files</Filter>
    </ClCompile>
    <ClCompile Include="src\TesterProxy.cpp">
      <Filter>Generated\Source Files</Filter>
    </ClCompile>
    <ClCompile Include="src\TesterProxyFactory.cpp">
      <Filter>Generated\Source Files</Filter>
    </ClCompile>
    <ClCompile Include="src\TesterRemoteObject.cpp">
      <Filter>Generated\Source Files</Filter>
    </ClCompile>
    <ClCompile Include="src\TesterServerHelper.cpp">
      <Filter>Generated\Source Files</Filter>
    </ClCompile>
    <ClCompile Include="src\TesterSkeleton.cpp">
      <Filter>Generated\Source Files</Filter>
    </ClCompile>
  </ItemGroup>
</Project>