<?xml version="1.0" encoding="utf-8"?>
<Project ToolsVersion="4.0" xmlns="http://schemas.microsoft.com/developer/msbuild/2003">
  <ItemGroup>
    <Filter Include="Core">
      <UniqueIdentifier>{ca04c07a-f939-4222-abff-b29318e97403}</UniqueIdentifier>
    </Filter>
    <Filter Include="Core\Header Files">
      <UniqueIdentifier>{7397c6fb-cdc9-4db9-9b10-106628772c07}</UniqueIdentifier>
    </Filter>
    <Filter Include="Core\Source Files">
      <UniqueIdentifier>{ba301dbf-97bb-495c-ab6d-86c5a50bede6}</UniqueIdentifier>
    </Filter>
    <Filter Include="_Suite">
      <UniqueIdentifier>{b52f5a3c-4d07-4fb9-9148-c1ee901b9f5a}</UniqueIdentifier>
    </Filter>
    <Filter Include="_Suite\Header Files">
      <UniqueIdentifier>{a7429f0e-78e9-494d-a4ca-96edebdbcafe}</UniqueIdentifier>
    </Filter>
    <Filter Include="_Suite\Source Files">
      <UniqueIdentifier>{7588ef21-2a13-4b73-a8dd-77e2cd60e664}</UniqueIdentifier>
    </Filter>
    <Filter Include="_Driver">
      <UniqueIdentifier>{38ab62ed-30f2-4696-bc8c-11e70b8d4a8f}</UniqueIdentifier>
    </Filter>
    <Filter Include="_Driver\Source Files">
      <UniqueIdentifier>{d6da95a3-3800-4c17-97b8-bda23a3c4877}</UniqueIdentifier>
    </Filter>
    <Filter Include="Util">
      <UniqueIdentifier>{735923a0-3446-4e49-99d9-22db49aed5f7}</UniqueIdentifier>
    </Filter>
    <Filter Include="Util\Header Files">
      <UniqueIdentifier>{ad3ebdc6-0ef7-4743-918b-e8b28b525c45}</UniqueIdentifier>
    </Filter>
    <Filter Include="Util\Source Files">
      <UniqueIdentifier>{a997046b-7e6b-469a-acac-2c0df6506d28}</UniqueIdentifier>
    </Filter>
    <Filter Include="Bundle">
      <UniqueIdentifier>{d713c00c-ba50-4df4-b400-59d2b042aecb}</UniqueIdentifier>
    </Filter>
    <Filter Include="Bundle\Header Files">
      <UniqueIdentifier>{1d30a5cd-e91e-4d41-a334-d8d8ccf1be00}</UniqueIdentifier>
    </Filter>
    <Filter Include="Bundle\Source Files">
      <UniqueIdentifier>{14a5770b-1e2a-4670-9cf2-b1fc14356dd6}</UniqueIdentifier>
    </Filter>
    <Filter Include="Service">
      <UniqueIdentifier>{43f1d910-4736-47e8-b5b8-34736a12f5a0}</UniqueIdentifier>
    </Filter>
    <Filter Include="Service\Header Files">
      <UniqueIdentifier>{2161eb3a-39b5-495f-9cbd-cde1d580357b}</UniqueIdentifier>
    </Filter>
    <Filter Include="Service\Source Files">
      <UniqueIdentifier>{2a946a9a-692d-4f81-930b-208ee7894c40}</UniqueIdentifier>
    </Filter>
  </ItemGroup>
  <ItemGroup>
    <ClInclude Include="src\OSPCoreTestSuite.h">
      <Filter>Core\Header Files</Filter>
    </ClInclude>
    <ClInclude Include="src\VersionTest.h">
      <Filter>Core\Header Files</Filter>
    </ClInclude>
    <ClInclude Include="src\OSPTestSuite.h">
      <Filter>_Suite\Header Files</Filter>
    </ClInclude>
    <ClInclude Include="src\BundleStreamFactoryTest.h">
      <Filter>Util\Header Files</Filter>
    </ClInclude>
    <ClInclude Include="src\OSPUtilTestSuite.h">
      <Filter>Util\Header Files</Filter>
    </ClInclude>
    <ClInclude Include="src\PropertiesTest.h">
      <Filter>Util\Header Files</Filter>
    </ClInclude>
    <ClInclude Include="src\QLParserTest.h">
      <Filter>Util\Header Files</Filter>
    </ClInclude>
    <ClInclude Include="src\VersionRangeTest.h">
      <Filter>Util\Header Files</Filter>
    </ClInclude>
    <ClInclude Include="src\BundleDirectoryTest.h">
      <Filter>Bundle\Header Files</Filter>
    </ClInclude>
    <ClInclude Include="src\BundleFileTest.h">
      <Filter>Bundle\Header Files</Filter>
    </ClInclude>
    <ClInclude Include="src\BundleManifestTest.h">
      <Filter>Bundle\Header Files</Filter>
    </ClInclude>
    <ClInclude Include="src\BundleRepositoryTest.h">
      <Filter>Bundle\Header Files</Filter>
    </ClInclude>
    <ClInclude Include="src\BundleTest.h">
      <Filter>Bundle\Header Files</Filter>
    </ClInclude>
    <ClInclude Include="src\OSPBundleTestSuite.h">
      <Filter>Bundle\Header Files</Filter>
    </ClInclude>
    <ClInclude Include="src\ServiceRegistryTest.h">
      <Filter>Service\Header Files</Filter>
    </ClInclude>
    <ClInclude Include="src\ServiceTestSuite.h">
      <Filter>Service\Header Files</Filter>
    </ClInclude>
  </ItemGroup>
  <ItemGroup>
    <ClCompile Include="src\OSPCoreTestSuite.cpp">
      <Filter>Core\Source Files</Filter>
    </ClCompile>
    <ClCompile Include="src\VersionTest.cpp">
      <Filter>Core\Source Files</Filter>
    </ClCompile>
    <ClCompile Include="src\OSPTestSuite.cpp">
      <Filter>_Suite\Source Files</Filter>
    </ClCompile>
    <ClCompile Include="src\WinDriver.cpp">
      <Filter>_Driver\Source Files</Filter>
    </ClCompile>
    <ClCompile Include="src\BundleStreamFactoryTest.cpp">
      <Filter>Util\Source Files</Filter>
    </ClCompile>
    <ClCompile Include="src\OSPUtilTestSuite.cpp">
      <Filter>Util\Source Files</Filter>
    </ClCompile>
    <ClCompile Include="src\PropertiesTest.cpp">
      <Filter>Util\Source Files</Filter>
    </ClCompile>
    <ClCompile Include="src\QLParserTest.cpp">
      <Filter>Util\Source Files</Filter>
    </ClCompile>
    <ClCompile Include="src\VersionRangeTest.cpp">
      <Filter>Util\Source Files</Filter>
    </ClCompile>
    <ClCompile Include="src\BundleDirectoryTest.cpp">
      <Filter>Bundle\Source Files</Filter>
    </ClCompile>
    <ClCompile Include="src\BundleFileTest.cpp">
      <Filter>Bundle\Source Files</Filter>
    </ClCompile>
    <ClCompile Include="src\BundleManifestTest.cpp">
      <Filter>Bundle\Source Files</Filter>
    </ClCompile>
    <ClCompile Include="src\BundleRepositoryTest.cpp">
      <Filter>Bundle\Source Files</Filter>
    </ClCompile>
    <ClCompile Include="src\BundleTest.cpp">
      <Filter>Bundle\Source Files</Filter>
    </ClCompile>
    <ClCompile Include="src\OSPBundleTestSuite.cpp">
      <Filter>Bundle\Source Files</Filter>
    </ClCompile>
    <ClCompile Include="src\ServiceRegistryTest.cpp">
      <Filter>Service\Source Files</Filter>
    </ClCompile>
    <ClCompile Include="src\ServiceTestSuite.cpp">
      <Filter>Service\Source Files</Filter>
    </ClCompile>
  </ItemGroup>
</Project>