<?xml version="1.0" encoding="utf-8"?>
<Project ToolsVersion="4.0" xmlns="http://schemas.microsoft.com/developer/msbuild/2003">
  <ItemGroup>
    <Filter Include="JS">
      <UniqueIdentifier>{a6d989f8-c27a-49e5-9296-117ceafe2786}</UniqueIdentifier>
    </Filter>
    <Filter Include="JS\Header Files">
      <UniqueIdentifier>{593d5d35-9785-42b4-811e-6889026670af}</UniqueIdentifier>
    </Filter>
    <Filter Include="JS\Source Files">
      <UniqueIdentifier>{5549d2a3-4571-4712-a772-e4174d926751}</UniqueIdentifier>
    </Filter>
  </ItemGroup>
  <ItemGroup>
    <ClInclude Include="include\Poco\OSP\JS\BundleWrapper.h">
      <Filter>JS\Header Files</Filter>
    </ClInclude>
    <ClInclude Include="include\Poco\OSP\JS\JS.h">
      <Filter>JS\Header Files</Filter>
    </ClInclude>
    <ClInclude Include="include\Poco\OSP\JS\JSExecutor.h">
      <Filter>JS\Header Files</Filter>
    </ClInclude>
    <ClInclude Include="include\Poco\OSP\JS\JSExtensionPoint.h">
      <Filter>JS\Header Files</Filter>
    </ClInclude>
    <ClInclude Include="include\Poco\OSP\JS\ModuleExtensionPoint.h">
      <Filter>JS\Header Files</Filter>
    </ClInclude>
    <ClInclude Include="include\Poco\OSP\JS\ModuleFactory.h">
      <Filter>JS\Header Files</Filter>
    </ClInclude>
    <ClInclude Include="include\Poco\OSP\JS\ServiceRefWrapper.h">
      <Filter>JS\Header Files</Filter>
    </ClInclude>
    <ClInclude Include="include\Poco\OSP\JS\ServiceRegistryWrapper.h">
      <Filter>JS\Header Files</Filter>
    </ClInclude>
  </ItemGroup>
  <ItemGroup>
    <ClCompile Include="src\BundleWrapper.cpp">
      <Filter>JS\Source Files</Filter>
    </ClCompile>
    <ClCompile Include="src\JSExecutor.cpp">
      <Filter>JS\Source Files</Filter>
    </ClCompile>
    <ClCompile Include="src\JSExtensionPoint.cpp">
      <Filter>JS\Source Files</Filter>
    </ClCompile>
    <ClCompile Include="src\ModuleExtensionPoint.cpp">
      <Filter>JS\Source Files</Filter>
    </ClCompile>
    <ClCompile Include="src\ModuleFactory.cpp">
      <Filter>JS\Source Files</Filter>
    </ClCompile>
    <ClCompile Include="src\ServiceRefWrapper.cpp">
      <Filter>JS\Source Files</Filter>
    </ClCompile>
    <ClCompile Include="src\ServiceRegistryWrapper.cpp">
      <Filter>JS\Source Files</Filter>
    </ClCompile>
  </ItemGroup>
</Project>