Microsoft Visual Studio Solution File, Format Version 9.00
# Visual Studio 2005
Project("{8BC9CEB8-8B4A-11D0-8D11-00A0C91BC942}") = "TCP", "TCP_vs80.vcproj", "{73959367-276E-4FC4-A5B1-250AD7AC90CD}"
EndProject
Project("{8BC9CEB8-8B4A-11D0-8D11-00A0C91BC942}") = "TestSuite", "testsuite\TestSuite_vs80.vcproj", "{8697AD85-0F32-4C67-B23E-90EE0859DD8D}"
	ProjectSection(ProjectDependencies) = postProject
		{73959367-276E-4FC4-A5B1-250AD7AC90CD} = {73959367-276E-4FC4-A5B1-250AD7AC90CD}
	EndProjectSection
EndProject
Global
	GlobalSection(SolutionConfigurationPlatforms) = preSolution
		debug_shared|Win32 = debug_shared|Win32
		release_shared|Win32 = release_shared|Win32
		debug_static_mt|Win32 = debug_static_mt|Win32
		release_static_mt|Win32 = release_static_mt|Win32
		debug_static_md|Win32 = debug_static_md|Win32
		release_static_md|Win32 = release_static_md|Win32
	EndGlobalSection
	GlobalSection(ProjectConfigurationPlatforms) = postSolution
		{73959367-276E-4FC4-A5B1-250AD7AC90CD}.debug_shared|Win32.ActiveCfg = debug_shared|Win32
		{73959367-276E-4FC4-A5B1-250AD7AC90CD}.debug_shared|Win32.Build.0 = debug_shared|Win32
		{73959367-276E-4FC4-A5B1-250AD7AC90CD}.debug_shared|Win32.Deploy.0 = debug_shared|Win32
		{73959367-276E-4FC4-A5B1-250AD7AC90CD}.release_shared|Win32.ActiveCfg = release_shared|Win32
		{73959367-276E-4FC4-A5B1-250AD7AC90CD}.release_shared|Win32.Build.0 = release_shared|Win32
		{73959367-276E-4FC4-A5B1-250AD7AC90CD}.release_shared|Win32.Deploy.0 = release_shared|Win32
		{73959367-276E-4FC4-A5B1-250AD7AC90CD}.debug_static_mt|Win32.ActiveCfg = debug_static_mt|Win32
		{73959367-276E-4FC4-A5B1-250AD7AC90CD}.debug_static_mt|Win32.Build.0 = debug_static_mt|Win32
		{73959367-276E-4FC4-A5B1-250AD7AC90CD}.debug_static_mt|Win32.Deploy.0 = debug_static_mt|Win32
		{73959367-276E-4FC4-A5B1-250AD7AC90CD}.release_static_mt|Win32.ActiveCfg = release_static_mt|Win32
		{73959367-276E-4FC4-A5B1-250AD7AC90CD}.release_static_mt|Win32.Build.0 = release_static_mt|Win32
		{73959367-276E-4FC4-A5B1-250AD7AC90CD}.release_static_mt|Win32.Deploy.0 = release_static_mt|Win32
		{73959367-276E-4FC4-A5B1-250AD7AC90CD}.debug_static_md|Win32.ActiveCfg = debug_static_md|Win32
		{73959367-276E-4FC4-A5B1-250AD7AC90CD}.debug_static_md|Win32.Build.0 = debug_static_md|Win32
		{73959367-276E-4FC4-A5B1-250AD7AC90CD}.debug_static_md|Win32.Deploy.0 = debug_static_md|Win32
		{73959367-276E-4FC4-A5B1-250AD7AC90CD}.release_static_md|Win32.ActiveCfg = release_static_md|Win32
		{73959367-276E-4FC4-A5B1-250AD7AC90CD}.release_static_md|Win32.Build.0 = release_static_md|Win32
		{73959367-276E-4FC4-A5B1-250AD7AC90CD}.release_static_md|Win32.Deploy.0 = release_static_md|Win32
		{8697AD85-0F32-4C67-B23E-90EE0859DD8D}.debug_shared|Win32.ActiveCfg = debug_shared|Win32
		{8697AD85-0F32-4C67-B23E-90EE0859DD8D}.debug_shared|Win32.Build.0 = debug_shared|Win32
		{8697AD85-0F32-4C67-B23E-90EE0859DD8D}.debug_shared|Win32.Deploy.0 = debug_shared|Win32
		{8697AD85-0F32-4C67-B23E-90EE0859DD8D}.release_shared|Win32.ActiveCfg = release_shared|Win32
		{8697AD85-0F32-4C67-B23E-90EE0859DD8D}.release_shared|Win32.Build.0 = release_shared|Win32
		{8697AD85-0F32-4C67-B23E-90EE0859DD8D}.release_shared|Win32.Deploy.0 = release_shared|Win32
		{8697AD85-0F32-4C67-B23E-90EE0859DD8D}.debug_static_mt|Win32.ActiveCfg = debug_static_mt|Win32
		{8697AD85-0F32-4C67-B23E-90EE0859DD8D}.debug_static_mt|Win32.Build.0 = debug_static_mt|Win32
		{8697AD85-0F32-4C67-B23E-90EE0859DD8D}.debug_static_mt|Win32.Deploy.0 = debug_static_mt|Win32
		{8697AD85-0F32-4C67-B23E-90EE0859DD8D}.release_static_mt|Win32.ActiveCfg = release_static_mt|Win32
		{8697AD85-0F32-4C67-B23E-90EE0859DD8D}.release_static_mt|Win32.Build.0 = release_static_mt|Win32
		{8697AD85-0F32-4C67-B23E-90EE0859DD8D}.release_static_mt|Win32.Deploy.0 = release_static_mt|Win32
		{8697AD85-0F32-4C67-B23E-90EE0859DD8D}.debug_static_md|Win32.ActiveCfg = debug_static_md|Win32
		{8697AD85-0F32-4C67-B23E-90EE0859DD8D}.debug_static_md|Win32.Build.0 = debug_static_md|Win32
		{8697AD85-0F32-4C67-B23E-90EE0859DD8D}.debug_static_md|Win32.Deploy.0 = debug_static_md|Win32
		{8697AD85-0F32-4C67-B23E-90EE0859DD8D}.release_static_md|Win32.ActiveCfg = release_static_md|Win32
		{8697AD85-0F32-4C67-B23E-90EE0859DD8D}.release_static_md|Win32.Build.0 = release_static_md|Win32
		{8697AD85-0F32-4C67-B23E-90EE0859DD8D}.release_static_md|Win32.Deploy.0 = release_static_md|Win32
	EndGlobalSection
	GlobalSection(SolutionProperties) = preSolution
		HideSolutionNode = FALSE
	EndGlobalSection
EndGlobal
