<?xml version="1.0" encoding="utf-8"?>
<Project ToolsVersion="4.0" xmlns="http://schemas.microsoft.com/developer/msbuild/2003">
  <ItemGroup>
    <Filter Include="Source Files">
      <UniqueIdentifier>{4FC737F1-C7A5-4376-A066-2A32D752A2FF}</UniqueIdentifier>
      <Extensions>cpp;c;cxx;def;odl;idl;hpj;bat;asm;asmx</Extensions>
    </Filter>
    <Filter Include="Header Files">
      <UniqueIdentifier>{6f7ccbd2-9b43-480f-a3b7-aa1d7c4a1bbb}</UniqueIdentifier>
    </Filter>
    <Filter Include="Bundle Specification">
      <UniqueIdentifier>{7e1e3f7f-a4ff-4c89-8f90-3362b41fba76}</UniqueIdentifier>
    </Filter>
  </ItemGroup>
  <ItemGroup>
    <ClCompile Include="src\CryptoBundleActivator.cpp">
      <Filter>Source Files</Filter>
    </ClCompile>
  </ItemGroup>
  <ItemGroup>
    <None Include="Crypto.bndlspec">
      <Filter>Bundle Specification</Filter>
    </None>
  </ItemGroup>
</Project>