<?xml version="1.0" encoding="utf-8"?>
<Project ToolsVersion="4.0" xmlns="http://schemas.microsoft.com/developer/msbuild/2003">
  <ItemGroup>
    <Filter Include="Core">
      <UniqueIdentifier>{cdf8c67b-f0bc-462b-b38d-7b8b3d3ddfd3}</UniqueIdentifier>
    </Filter>
    <Filter Include="Core\Header Files">
      <UniqueIdentifier>{df474834-a720-463f-aff8-a69c3d9e343e}</UniqueIdentifier>
    </Filter>
    <Filter Include="Core\Source Files">
      <UniqueIdentifier>{f2294745-9435-487c-a65e-05877214d789}</UniqueIdentifier>
    </Filter>
    <Filter Include="Util">
      <UniqueIdentifier>{05a384c6-9937-44b5-ac43-64790f43965b}</UniqueIdentifier>
    </Filter>
    <Filter Include="Util\Header Files">
      <UniqueIdentifier>{f49698de-f051-42f5-871f-a81c7ec21213}</UniqueIdentifier>
    </Filter>
    <Filter Include="Util\Source Files">
      <UniqueIdentifier>{b7377eae-9b80-4ec8-b270-eab9b18134f6}</UniqueIdentifier>
    </Filter>
    <Filter Include="Bundle">
      <UniqueIdentifier>{713e0ab6-79fb-47df-a104-8836c705ead4}</UniqueIdentifier>
    </Filter>
    <Filter Include="Bundle\Header Files">
      <UniqueIdentifier>{b3789f1f-210d-4771-a292-102c46959f5a}</UniqueIdentifier>
    </Filter>
    <Filter Include="Bundle\Source Files">
      <UniqueIdentifier>{8de32114-5259-43fd-a133-dd717b30844b}</UniqueIdentifier>
    </Filter>
    <Filter Include="Service">
      <UniqueIdentifier>{7aa4a848-a488-438e-9f0e-d52122ad4c0a}</UniqueIdentifier>
    </Filter>
    <Filter Include="Service\Header Files">
      <UniqueIdentifier>{5e1a1fb7-0c7f-4710-b04a-b3f887922965}</UniqueIdentifier>
    </Filter>
    <Filter Include="Service\Source Files">
      <UniqueIdentifier>{eddf7e4c-008e-4543-af20-324dd42716fc}</UniqueIdentifier>
    </Filter>
    <Filter Include="ExtensionPointService">
      <UniqueIdentifier>{2baa3ba3-d06b-4ef6-898b-772739d3881e}</UniqueIdentifier>
    </Filter>
    <Filter Include="ExtensionPointService\Header Files">
      <UniqueIdentifier>{8e85a5c9-a3bb-4fed-bbde-04d6a6196139}</UniqueIdentifier>
    </Filter>
    <Filter Include="ExtensionPointService\Source Files">
      <UniqueIdentifier>{70bf5305-e6d7-49d6-95b4-f168c1cfd5c8}</UniqueIdentifier>
    </Filter>
    <Filter Include="PreferencesService">
      <UniqueIdentifier>{af15d357-3d76-4d0a-9cc9-7d892293d305}</UniqueIdentifier>
    </Filter>
    <Filter Include="PreferencesService\Header Files">
      <UniqueIdentifier>{cc64118e-b152-456c-9d9f-44eda467c4d0}</UniqueIdentifier>
    </Filter>
    <Filter Include="PreferencesService\Source Files">
      <UniqueIdentifier>{5539f19f-032c-4884-8adb-dd76d1dc170f}</UniqueIdentifier>
    </Filter>
    <Filter Include="BundleInstallerService">
      <UniqueIdentifier>{ab3ff054-8374-458d-8894-d35293308fca}</UniqueIdentifier>
    </Filter>
    <Filter Include="BundleInstallerService\Header Files">
      <UniqueIdentifier>{75af0954-7d7c-4d67-8384-8ae630760c37}</UniqueIdentifier>
    </Filter>
    <Filter Include="BundleInstallerService\Source Files">
      <UniqueIdentifier>{f108e995-21be-48d4-befe-c43f0c2c9a7a}</UniqueIdentifier>
    </Filter>
    <Filter Include="AuthService">
      <UniqueIdentifier>{4c8dbb75-bcbd-4a2d-ac20-4b98a04949f1}</UniqueIdentifier>
    </Filter>
    <Filter Include="AuthService\Header Files">
      <UniqueIdentifier>{009a643e-af62-48d2-afed-2e65c828c40d}</UniqueIdentifier>
    </Filter>
    <Filter Include="AuthService\Source Files">
      <UniqueIdentifier>{0bb458ee-8618-45fa-b76f-6f07962455e1}</UniqueIdentifier>
    </Filter>
  </ItemGroup>
  <ItemGroup>
    <ClInclude Include="include\Poco\OSP\OSP.h">
      <Filter>Core\Header Files</Filter>
    </ClInclude>
    <ClInclude Include="include\Poco\OSP\OSPException.h">
      <Filter>Core\Header Files</Filter>
    </ClInclude>
    <ClInclude Include="include\Poco\OSP\SystemEvents.h">
      <Filter>Core\Header Files</Filter>
    </ClInclude>
    <ClInclude Include="include\Poco\OSP\Version.h">
      <Filter>Core\Header Files</Filter>
    </ClInclude>
    <ClInclude Include="include\Poco\OSP\BundleStreamFactory.h">
      <Filter>Util\Header Files</Filter>
    </ClInclude>
    <ClInclude Include="include\Poco\OSP\CodeCache.h">
      <Filter>Util\Header Files</Filter>
    </ClInclude>
    <ClInclude Include="include\Poco\OSP\LanguageTag.h">
      <Filter>Util\Header Files</Filter>
    </ClInclude>
    <ClInclude Include="include\Poco\OSP\OSPSubsystem.h">
      <Filter>Util\Header Files</Filter>
    </ClInclude>
    <ClInclude Include="include\Poco\OSP\Properties.h">
      <Filter>Util\Header Files</Filter>
    </ClInclude>
    <ClInclude Include="include\Poco\OSP\QLExpr.h">
      <Filter>Util\Header Files</Filter>
    </ClInclude>
    <ClInclude Include="include\Poco\OSP\QLParser.h">
      <Filter>Util\Header Files</Filter>
    </ClInclude>
    <ClInclude Include="include\Poco\OSP\QLTokens.h">
      <Filter>Util\Header Files</Filter>
    </ClInclude>
    <ClInclude Include="include\Poco\OSP\VersionRange.h">
      <Filter>Util\Header Files</Filter>
    </ClInclude>
    <ClInclude Include="include\Poco\OSP\Bundle.h">
      <Filter>Bundle\Header Files</Filter>
    </ClInclude>
    <ClInclude Include="include\Poco\OSP\BundleActivator.h">
      <Filter>Bundle\Header Files</Filter>
    </ClInclude>
    <ClInclude Include="include\Poco\OSP\BundleContext.h">
      <Filter>Bundle\Header Files</Filter>
    </ClInclude>
    <ClInclude Include="include\Poco\OSP\BundleContextFactory.h">
      <Filter>Bundle\Header Files</Filter>
    </ClInclude>
    <ClInclude Include="include\Poco\OSP\BundleDirectory.h">
      <Filter>Bundle\Header Files</Filter>
    </ClInclude>
    <ClInclude Include="include\Poco\OSP\BundleEvent.h">
      <Filter>Bundle\Header Files</Filter>
    </ClInclude>
    <ClInclude Include="include\Poco\OSP\BundleEvents.h">
      <Filter>Bundle\Header Files</Filter>
    </ClInclude>
    <ClInclude Include="include\Poco\OSP\BundleFactory.h">
      <Filter>Bundle\Header Files</Filter>
    </ClInclude>
    <ClInclude Include="include\Poco\OSP\BundleFile.h">
      <Filter>Bundle\Header Files</Filter>
    </ClInclude>
    <ClInclude Include="include\Poco\OSP\BundleFilter.h">
      <Filter>Bundle\Header Files</Filter>
    </ClInclude>
    <ClInclude Include="include\Poco\OSP\BundleLoader.h">
      <Filter>Bundle\Header Files</Filter>
    </ClInclude>
    <ClInclude Include="include\Poco\OSP\BundleManifest.h">
      <Filter>Bundle\Header Files</Filter>
    </ClInclude>
    <ClInclude Include="include\Poco\OSP\BundleProperties.h">
      <Filter>Bundle\Header Files</Filter>
    </ClInclude>
    <ClInclude Include="include\Poco\OSP\BundleRepository.h">
      <Filter>Bundle\Header Files</Filter>
    </ClInclude>
    <ClInclude Include="include\Poco\OSP\BundleStorage.h">
      <Filter>Bundle\Header Files</Filter>
    </ClInclude>
    <ClInclude Include="include\Poco\OSP\Service.h">
      <Filter>Service\Header Files</Filter>
    </ClInclude>
    <ClInclude Include="include\Poco\OSP\ServiceEvent.h">
      <Filter>Service\Header Files</Filter>
    </ClInclude>
    <ClInclude Include="include\Poco\OSP\ServiceFactory.h">
      <Filter>Service\Header Files</Filter>
    </ClInclude>
    <ClInclude Include="include\Poco\OSP\ServiceFinder.h">
      <Filter>Service\Header Files</Filter>
    </ClInclude>
    <ClInclude Include="include\Poco\OSP\ServiceListener.h">
      <Filter>Service\Header Files</Filter>
    </ClInclude>
    <ClInclude Include="include\Poco\OSP\ServiceRef.h">
      <Filter>Service\Header Files</Filter>
    </ClInclude>
    <ClInclude Include="include\Poco\OSP\ServiceRegistry.h">
      <Filter>Service\Header Files</Filter>
    </ClInclude>
    <ClInclude Include="include\Poco\OSP\ExtensionPoint.h">
      <Filter>ExtensionPointService\Header Files</Filter>
    </ClInclude>
    <ClInclude Include="include\Poco\OSP\ExtensionPointService.h">
      <Filter>ExtensionPointService\Header Files</Filter>
    </ClInclude>
    <ClInclude Include="include\Poco\OSP\Configuration.h">
      <Filter>PreferencesService\Header Files</Filter>
    </ClInclude>
    <ClInclude Include="include\Poco\OSP\Preferences.h">
      <Filter>PreferencesService\Header Files</Filter>
    </ClInclude>
    <ClInclude Include="include\Poco\OSP\PreferencesEvent.h">
      <Filter>PreferencesService\Header Files</Filter>
    </ClInclude>
    <ClInclude Include="include\Poco\OSP\PreferencesService.h">
      <Filter>PreferencesService\Header Files</Filter>
    </ClInclude>
    <ClInclude Include="include\Poco\OSP\BundleInstallerService.h">
      <Filter>BundleInstallerService\Header Files</Filter>
    </ClInclude>
    <ClInclude Include="include\Poco\OSP\Auth\AuthService.h">
      <Filter>AuthService\Header Files</Filter>
    </ClInclude>
  </ItemGroup>
  <ItemGroup>
    <ClCompile Include="src\OSPException.cpp">
      <Filter>Core\Source Files</Filter>
    </ClCompile>
    <ClCompile Include="src\SystemEvents.cpp">
      <Filter>Core\Source Files</Filter>
    </ClCompile>
    <ClCompile Include="src\Version.cpp">
      <Filter>Core\Source Files</Filter>
    </ClCompile>
    <ClCompile Include="src\BundleStreamFactory.cpp">
      <Filter>Util\Source Files</Filter>
    </ClCompile>
    <ClCompile Include="src\CodeCache.cpp">
      <Filter>Util\Source Files</Filter>
    </ClCompile>
    <ClCompile Include="src\LanguageTag.cpp">
      <Filter>Util\Source Files</Filter>
    </ClCompile>
    <ClCompile Include="src\OSPSubsystem.cpp">
      <Filter>Util\Source Files</Filter>
    </ClCompile>
    <ClCompile Include="src\Properties.cpp">
      <Filter>Util\Source Files</Filter>
    </ClCompile>
    <ClCompile Include="src\QLExpr.cpp">
      <Filter>Util\Source Files</Filter>
    </ClCompile>
    <ClCompile Include="src\QLParser.cpp">
      <Filter>Util\Source Files</Filter>
    </ClCompile>
    <ClCompile Include="src\QLTokens.cpp">
      <Filter>Util\Source Files</Filter>
    </ClCompile>
    <ClCompile Include="src\VersionRange.cpp">
      <Filter>Util\Source Files</Filter>
    </ClCompile>
    <ClCompile Include="src\Bundle.cpp">
      <Filter>Bundle\Source Files</Filter>
    </ClCompile>
    <ClCompile Include="src\BundleActivator.cpp">
      <Filter>Bundle\Source Files</Filter>
    </ClCompile>
    <ClCompile Include="src\BundleContext.cpp">
      <Filter>Bundle\Source Files</Filter>
    </ClCompile>
    <ClCompile Include="src\BundleContextFactory.cpp">
      <Filter>Bundle\Source Files</Filter>
    </ClCompile>
    <ClCompile Include="src\BundleDirectory.cpp">
      <Filter>Bundle\Source Files</Filter>
    </ClCompile>
    <ClCompile Include="src\BundleEvent.cpp">
      <Filter>Bundle\Source Files</Filter>
    </ClCompile>
    <ClCompile Include="src\BundleEvents.cpp">
      <Filter>Bundle\Source Files</Filter>
    </ClCompile>
    <ClCompile Include="src\BundleFactory.cpp">
      <Filter>Bundle\Source Files</Filter>
    </ClCompile>
    <ClCompile Include="src\BundleFile.cpp">
      <Filter>Bundle\Source Files</Filter>
    </ClCompile>
    <ClCompile Include="src\BundleFilter.cpp">
      <Filter>Bundle\Source Files</Filter>
    </ClCompile>
    <ClCompile Include="src\BundleLoader.cpp">
      <Filter>Bundle\Source Files</Filter>
    </ClCompile>
    <ClCompile Include="src\BundleManifest.cpp">
      <Filter>Bundle\Source Files</Filter>
    </ClCompile>
    <ClCompile Include="src\BundleProperties.cpp">
      <Filter>Bundle\Source Files</Filter>
    </ClCompile>
    <ClCompile Include="src\BundleRepository.cpp">
      <Filter>Bundle\Source Files</Filter>
    </ClCompile>
    <ClCompile Include="src\BundleStorage.cpp">
      <Filter>Bundle\Source Files</Filter>
    </ClCompile>
    <ClCompile Include="src\Service.cpp">
      <Filter>Service\Source Files</Filter>
    </ClCompile>
    <ClCompile Include="src\ServiceEvent.cpp">
      <Filter>Service\Source Files</Filter>
    </ClCompile>
    <ClCompile Include="src\ServiceFactory.cpp">
      <Filter>Service\Source Files</Filter>
    </ClCompile>
    <ClCompile Include="src\ServiceListener.cpp">
      <Filter>Service\Source Files</Filter>
    </ClCompile>
    <ClCompile Include="src\ServiceRef.cpp">
      <Filter>Service\Source Files</Filter>
    </ClCompile>
    <ClCompile Include="src\ServiceRegistry.cpp">
      <Filter>Service\Source Files</Filter>
    </ClCompile>
    <ClCompile Include="src\ExtensionPoint.cpp">
      <Filter>ExtensionPointService\Source Files</Filter>
    </ClCompile>
    <ClCompile Include="src\ExtensionPointService.cpp">
      <Filter>ExtensionPointService\Source Files</Filter>
    </ClCompile>
    <ClCompile Include="src\Configuration.cpp">
      <Filter>PreferencesService\Source Files</Filter>
    </ClCompile>
    <ClCompile Include="src\Preferences.cpp">
      <Filter>PreferencesService\Source Files</Filter>
    </ClCompile>
    <ClCompile Include="src\PreferencesEvent.cpp">
      <Filter>PreferencesService\Source Files</Filter>
    </ClCompile>
    <ClCompile Include="src\PreferencesService.cpp">
      <Filter>PreferencesService\Source Files</Filter>
    </ClCompile>
    <ClCompile Include="src\BundleInstallerService.cpp">
      <Filter>BundleInstallerService\Source Files</Filter>
    </ClCompile>
    <ClCompile Include="src\AuthService.cpp">
      <Filter>AuthService\Source Files</Filter>
    </ClCompile>
  </ItemGroup>
</Project>