<?xml version="1.0" encoding="utf-8"?>
<Project ToolsVersion="4.0" xmlns="http://schemas.microsoft.com/developer/msbuild/2003">
  <ItemGroup>
    <Filter Include="Core">
      <UniqueIdentifier>{b71bd627-8578-403d-8263-468f6eff7e88}</UniqueIdentifier>
    </Filter>
    <Filter Include="Core\Header Files">
      <UniqueIdentifier>{a1cbbe5d-ba3a-47e2-9340-42b367e01e8b}</UniqueIdentifier>
    </Filter>
    <Filter Include="Core\Source Files">
      <UniqueIdentifier>{d78ae603-5885-4513-a9dc-969bec3302c3}</UniqueIdentifier>
    </Filter>
    <Filter Include="Util">
      <UniqueIdentifier>{d355c70b-3732-4c17-8a59-cf2e5f248f0f}</UniqueIdentifier>
    </Filter>
    <Filter Include="Util\Header Files">
      <UniqueIdentifier>{85525429-2a21-409f-b4a3-fb43113162b2}</UniqueIdentifier>
    </Filter>
    <Filter Include="Util\Source Files">
      <UniqueIdentifier>{8d35658c-4a7b-40b8-b37f-0b2b583a6635}</UniqueIdentifier>
    </Filter>
    <Filter Include="Bundle">
      <UniqueIdentifier>{b410404c-3a88-4c65-be7b-deded36340cd}</UniqueIdentifier>
    </Filter>
    <Filter Include="Bundle\Header Files">
      <UniqueIdentifier>{ae3fb5fd-8b97-490d-9b03-87c3e3909458}</UniqueIdentifier>
    </Filter>
    <Filter Include="Bundle\Source Files">
      <UniqueIdentifier>{93b199b4-6c04-4ec1-8d9f-056a19b603a3}</UniqueIdentifier>
    </Filter>
    <Filter Include="Service">
      <UniqueIdentifier>{cd2e011e-b537-47fb-838c-3324c7325aac}</UniqueIdentifier>
    </Filter>
    <Filter Include="Service\Header Files">
      <UniqueIdentifier>{0d6a9b65-4d0e-481a-8013-ce7248dbe4df}</UniqueIdentifier>
    </Filter>
    <Filter Include="Service\Source Files">
      <UniqueIdentifier>{b648c0f9-65fb-4ddf-a9ba-0e7fb2bd36eb}</UniqueIdentifier>
    </Filter>
    <Filter Include="ExtensionPointService">
      <UniqueIdentifier>{cef95bbd-ebad-4c46-b22e-215587ce8f0b}</UniqueIdentifier>
    </Filter>
    <Filter Include="ExtensionPointService\Header Files">
      <UniqueIdentifier>{94616acd-ff64-4a16-8644-fd72e28ab389}</UniqueIdentifier>
    </Filter>
    <Filter Include="ExtensionPointService\Source Files">
      <UniqueIdentifier>{03963b4b-093d-4851-a863-d4ab3e343b44}</UniqueIdentifier>
    </Filter>
    <Filter Include="PreferencesService">
      <UniqueIdentifier>{5ba3c102-8e57-490b-9ad0-9b64d9d4d0d8}</UniqueIdentifier>
    </Filter>
    <Filter Include="PreferencesService\Header Files">
      <UniqueIdentifier>{1f9c7c9b-f154-499a-ba72-9867c4b3458d}</UniqueIdentifier>
    </Filter>
    <Filter Include="PreferencesService\Source Files">
      <UniqueIdentifier>{eb052868-703d-45b7-b03b-e01c99b05120}</UniqueIdentifier>
    </Filter>
    <Filter Include="BundleInstallerService">
      <UniqueIdentifier>{ddd3de63-2137-4ccd-b5c4-070e45703213}</UniqueIdentifier>
    </Filter>
    <Filter Include="BundleInstallerService\Header Files">
      <UniqueIdentifier>{2971893e-aa11-491a-8955-a1035367b791}</UniqueIdentifier>
    </Filter>
    <Filter Include="BundleInstallerService\Source Files">
      <UniqueIdentifier>{db6a81d2-2364-440d-bcdc-24a9269c5396}</UniqueIdentifier>
    </Filter>
    <Filter Include="AuthService">
      <UniqueIdentifier>{8ec488fb-e6aa-4c28-89ac-efdfd27828be}</UniqueIdentifier>
    </Filter>
    <Filter Include="AuthService\Header Files">
      <UniqueIdentifier>{c7bd8089-f6eb-4052-972e-11e4349a267a}</UniqueIdentifier>
    </Filter>
    <Filter Include="AuthService\Source Files">
      <UniqueIdentifier>{1b36568e-53c8-4b7c-adc5-dcf39cb5e383}</UniqueIdentifier>
    </Filter>
  </ItemGroup>
  <ItemGroup>
    <ClInclude Include="include\Poco\OSP\OSP.h">
      <Filter>Core\Header Files</Filter>
    </ClInclude>
    <ClInclude Include="include\Poco\OSP\OSPException.h">
      <Filter>Core\Header Files</Filter>
    </ClInclude>
    <ClInclude Include="include\Poco\OSP\SystemEvents.h">
      <Filter>Core\Header Files</Filter>
    </ClInclude>
    <ClInclude Include="include\Poco\OSP\Version.h">
      <Filter>Core\Header Files</Filter>
    </ClInclude>
    <ClInclude Include="include\Poco\OSP\BundleStreamFactory.h">
      <Filter>Util\Header Files</Filter>
    </ClInclude>
    <ClInclude Include="include\Poco\OSP\CodeCache.h">
      <Filter>Util\Header Files</Filter>
    </ClInclude>
    <ClInclude Include="include\Poco\OSP\LanguageTag.h">
      <Filter>Util\Header Files</Filter>
    </ClInclude>
    <ClInclude Include="include\Poco\OSP\OSPSubsystem.h">
      <Filter>Util\Header Files</Filter>
    </ClInclude>
    <ClInclude Include="include\Poco\OSP\Properties.h">
      <Filter>Util\Header Files</Filter>
    </ClInclude>
    <ClInclude Include="include\Poco\OSP\QLExpr.h">
      <Filter>Util\Header Files</Filter>
    </ClInclude>
    <ClInclude Include="include\Poco\OSP\QLParser.h">
      <Filter>Util\Header Files</Filter>
    </ClInclude>
    <ClInclude Include="include\Poco\OSP\QLTokens.h">
      <Filter>Util\Header Files</Filter>
    </ClInclude>
    <ClInclude Include="include\Poco\OSP\VersionRange.h">
      <Filter>Util\Header Files</Filter>
    </ClInclude>
    <ClInclude Include="include\Poco\OSP\Bundle.h">
      <Filter>Bundle\Header Files</Filter>
    </ClInclude>
    <ClInclude Include="include\Poco\OSP\BundleActivator.h">
      <Filter>Bundle\Header Files</Filter>
    </ClInclude>
    <ClInclude Include="include\Poco\OSP\BundleContext.h">
      <Filter>Bundle\Header Files</Filter>
    </ClInclude>
    <ClInclude Include="include\Poco\OSP\BundleContextFactory.h">
      <Filter>Bundle\Header Files</Filter>
    </ClInclude>
    <ClInclude Include="include\Poco\OSP\BundleDirectory.h">
      <Filter>Bundle\Header Files</Filter>
    </ClInclude>
    <ClInclude Include="include\Poco\OSP\BundleEvent.h">
      <Filter>Bundle\Header Files</Filter>
    </ClInclude>
    <ClInclude Include="include\Poco\OSP\BundleEvents.h">
      <Filter>Bundle\Header Files</Filter>
    </ClInclude>
    <ClInclude Include="include\Poco\OSP\BundleFactory.h">
      <Filter>Bundle\Header Files</Filter>
    </ClInclude>
    <ClInclude Include="include\Poco\OSP\BundleFile.h">
      <Filter>Bundle\Header Files</Filter>
    </ClInclude>
    <ClInclude Include="include\Poco\OSP\BundleLoader.h">
      <Filter>Bundle\Header Files</Filter>
    </ClInclude>
    <ClInclude Include="include\Poco\OSP\BundleManifest.h">
      <Filter>Bundle\Header Files</Filter>
    </ClInclude>
    <ClInclude Include="include\Poco\OSP\BundleProperties.h">
      <Filter>Bundle\Header Files</Filter>
    </ClInclude>
    <ClInclude Include="include\Poco\OSP\BundleRepository.h">
      <Filter>Bundle\Header Files</Filter>
    </ClInclude>
    <ClInclude Include="include\Poco\OSP\BundleStorage.h">
      <Filter>Bundle\Header Files</Filter>
    </ClInclude>
    <ClInclude Include="include\Poco\OSP\Service.h">
      <Filter>Service\Header Files</Filter>
    </ClInclude>
    <ClInclude Include="include\Poco\OSP\ServiceEvent.h">
      <Filter>Service\Header Files</Filter>
    </ClInclude>
    <ClInclude Include="include\Poco\OSP\ServiceFactory.h">
      <Filter>Service\Header Files</Filter>
    </ClInclude>
    <ClInclude Include="include\Poco\OSP\ServiceFinder.h">
      <Filter>Service\Header Files</Filter>
    </ClInclude>
    <ClInclude Include="include\Poco\OSP\ServiceRef.h">
      <Filter>Service\Header Files</Filter>
    </ClInclude>
    <ClInclude Include="include\Poco\OSP\ServiceRegistry.h">
      <Filter>Service\Header Files</Filter>
    </ClInclude>
    <ClInclude Include="include\Poco\OSP\ExtensionPoint.h">
      <Filter>ExtensionPointService\Header Files</Filter>
    </ClInclude>
    <ClInclude Include="include\Poco\OSP\ExtensionPointService.h">
      <Filter>ExtensionPointService\Header Files</Filter>
    </ClInclude>
    <ClInclude Include="include\Poco\OSP\Configuration.h">
      <Filter>PreferencesService\Header Files</Filter>
    </ClInclude>
    <ClInclude Include="include\Poco\OSP\Preferences.h">
      <Filter>PreferencesService\Header Files</Filter>
    </ClInclude>
    <ClInclude Include="include\Poco\OSP\PreferencesEvent.h">
      <Filter>PreferencesService\Header Files</Filter>
    </ClInclude>
    <ClInclude Include="include\Poco\OSP\PreferencesService.h">
      <Filter>PreferencesService\Header Files</Filter>
    </ClInclude>
    <ClInclude Include="include\Poco\OSP\BundleInstallerService.h">
      <Filter>BundleInstallerService\Header Files</Filter>
    </ClInclude>
    <ClInclude Include="include\Poco\OSP\Auth\AuthService.h">
      <Filter>AuthService\Header Files</Filter>
    </ClInclude>
  </ItemGroup>
  <ItemGroup>
    <ClCompile Include="src\OSPException.cpp">
      <Filter>Core\Source Files</Filter>
    </ClCompile>
    <ClCompile Include="src\SystemEvents.cpp">
      <Filter>Core\Source Files</Filter>
    </ClCompile>
    <ClCompile Include="src\Version.cpp">
      <Filter>Core\Source Files</Filter>
    </ClCompile>
    <ClCompile Include="src\BundleStreamFactory.cpp">
      <Filter>Util\Source Files</Filter>
    </ClCompile>
    <ClCompile Include="src\CodeCache.cpp">
      <Filter>Util\Source Files</Filter>
    </ClCompile>
    <ClCompile Include="src\LanguageTag.cpp">
      <Filter>Util\Source Files</Filter>
    </ClCompile>
    <ClCompile Include="src\OSPSubsystem.cpp">
      <Filter>Util\Source Files</Filter>
    </ClCompile>
    <ClCompile Include="src\Properties.cpp">
      <Filter>Util\Source Files</Filter>
    </ClCompile>
    <ClCompile Include="src\QLExpr.cpp">
      <Filter>Util\Source Files</Filter>
    </ClCompile>
    <ClCompile Include="src\QLParser.cpp">
      <Filter>Util\Source Files</Filter>
    </ClCompile>
    <ClCompile Include="src\QLTokens.cpp">
      <Filter>Util\Source Files</Filter>
    </ClCompile>
    <ClCompile Include="src\VersionRange.cpp">
      <Filter>Util\Source Files</Filter>
    </ClCompile>
    <ClCompile Include="src\Bundle.cpp">
      <Filter>Bundle\Source Files</Filter>
    </ClCompile>
    <ClCompile Include="src\BundleActivator.cpp">
      <Filter>Bundle\Source Files</Filter>
    </ClCompile>
    <ClCompile Include="src\BundleContext.cpp">
      <Filter>Bundle\Source Files</Filter>
    </ClCompile>
    <ClCompile Include="src\BundleContextFactory.cpp">
      <Filter>Bundle\Source Files</Filter>
    </ClCompile>
    <ClCompile Include="src\BundleDirectory.cpp">
      <Filter>Bundle\Source Files</Filter>
    </ClCompile>
    <ClCompile Include="src\BundleEvent.cpp">
      <Filter>Bundle\Source Files</Filter>
    </ClCompile>
    <ClCompile Include="src\BundleEvents.cpp">
      <Filter>Bundle\Source Files</Filter>
    </ClCompile>
    <ClCompile Include="src\BundleFactory.cpp">
      <Filter>Bundle\Source Files</Filter>
    </ClCompile>
    <ClCompile Include="src\BundleFile.cpp">
      <Filter>Bundle\Source Files</Filter>
    </ClCompile>
    <ClCompile Include="src\BundleLoader.cpp">
      <Filter>Bundle\Source Files</Filter>
    </ClCompile>
    <ClCompile Include="src\BundleManifest.cpp">
      <Filter>Bundle\Source Files</Filter>
    </ClCompile>
    <ClCompile Include="src\BundleProperties.cpp">
      <Filter>Bundle\Source Files</Filter>
    </ClCompile>
    <ClCompile Include="src\BundleRepository.cpp">
      <Filter>Bundle\Source Files</Filter>
    </ClCompile>
    <ClCompile Include="src\BundleStorage.cpp">
      <Filter>Bundle\Source Files</Filter>
    </ClCompile>
    <ClCompile Include="src\Service.cpp">
      <Filter>Service\Source Files</Filter>
    </ClCompile>
    <ClCompile Include="src\ServiceEvent.cpp">
      <Filter>Service\Source Files</Filter>
    </ClCompile>
    <ClCompile Include="src\ServiceFactory.cpp">
      <Filter>Service\Source Files</Filter>
    </ClCompile>
    <ClCompile Include="src\ServiceRef.cpp">
      <Filter>Service\Source Files</Filter>
    </ClCompile>
    <ClCompile Include="src\ServiceRegistry.cpp">
      <Filter>Service\Source Files</Filter>
    </ClCompile>
    <ClCompile Include="src\ExtensionPoint.cpp">
      <Filter>ExtensionPointService\Source Files</Filter>
    </ClCompile>
    <ClCompile Include="src\ExtensionPointService.cpp">
      <Filter>ExtensionPointService\Source Files</Filter>
    </ClCompile>
    <ClCompile Include="src\Configuration.cpp">
      <Filter>PreferencesService\Source Files</Filter>
    </ClCompile>
    <ClCompile Include="src\Preferences.cpp">
      <Filter>PreferencesService\Source Files</Filter>
    </ClCompile>
    <ClCompile Include="src\PreferencesEvent.cpp">
      <Filter>PreferencesService\Source Files</Filter>
    </ClCompile>
    <ClCompile Include="src\PreferencesService.cpp">
      <Filter>PreferencesService\Source Files</Filter>
    </ClCompile>
    <ClCompile Include="src\BundleInstallerService.cpp">
      <Filter>BundleInstallerService\Source Files</Filter>
    </ClCompile>
    <ClCompile Include="src\AuthService.cpp">
      <Filter>AuthService\Source Files</Filter>
    </ClCompile>
  </ItemGroup>
</Project>