<?xml version="1.0" encoding="utf-8"?>
<Project ToolsVersion="4.0" xmlns="http://schemas.microsoft.com/developer/msbuild/2003">
  <ItemGroup>
    <Filter Include="Web">
      <UniqueIdentifier>{30ba9d28-fc18-468d-9aa9-b45fd054c895}</UniqueIdentifier>
    </Filter>
    <Filter Include="Web\Header Files">
      <UniqueIdentifier>{d265eb66-3ec7-4864-b72c-e3eed704bec9}</UniqueIdentifier>
    </Filter>
    <Filter Include="Web\Source Files">
      <UniqueIdentifier>{2c1e0d6b-1474-4c88-a9e2-1e4f872a42dc}</UniqueIdentifier>
    </Filter>
  </ItemGroup>
  <ItemGroup>
    <ClInclude Include="include\Poco\OSP\Web\MediaTypeMapper.h">
      <Filter>Web\Header Files</Filter>
    </ClInclude>
    <ClInclude Include="include\Poco\OSP\Web\TokenValidator.h">
      <Filter>Web\Header Files</Filter>
    </ClInclude>
    <ClInclude Include="include\poco\osp\web\Web.h">
      <Filter>Web\Header Files</Filter>
    </ClInclude>
    <ClInclude Include="include\Poco\OSP\Web\WebFilter.h">
      <Filter>Web\Header Files</Filter>
    </ClInclude>
    <ClInclude Include="include\Poco\OSP\Web\WebFilterExtensionPoint.h">
      <Filter>Web\Header Files</Filter>
    </ClInclude>
    <ClInclude Include="include\Poco\OSP\Web\WebFilterFactory.h">
      <Filter>Web\Header Files</Filter>
    </ClInclude>
    <ClInclude Include="include\poco\osp\web\WebRequestHandlerFactory.h">
      <Filter>Web\Header Files</Filter>
    </ClInclude>
    <ClInclude Include="include\poco\osp\web\WebServerDispatcher.h">
      <Filter>Web\Header Files</Filter>
    </ClInclude>
    <ClInclude Include="include\poco\osp\web\WebServerExtensionPoint.h">
      <Filter>Web\Header Files</Filter>
    </ClInclude>
    <ClInclude Include="include\Poco\OSP\Web\WebServerRequestHandler.h">
      <Filter>Web\Header Files</Filter>
    </ClInclude>
    <ClInclude Include="include\Poco\OSP\Web\WebServerRequestHandlerFactory.h">
      <Filter>Web\Header Files</Filter>
    </ClInclude>
    <ClInclude Include="include\Poco\OSP\Web\WebServerService.h">
      <Filter>Web\Header Files</Filter>
    </ClInclude>
    <ClInclude Include="include\poco\osp\web\WebSession.h">
      <Filter>Web\Header Files</Filter>
    </ClInclude>
    <ClInclude Include="include\poco\osp\web\WebSessionManager.h">
      <Filter>Web\Header Files</Filter>
    </ClInclude>
    <ClInclude Include="include\poco\osp\web\WebSessionService.h">
      <Filter>Web\Header Files</Filter>
    </ClInclude>
    <ClInclude Include="include\Poco\OSP\Web\WebSessionStore.h">
      <Filter>Web\Header Files</Filter>
    </ClInclude>
  </ItemGroup>
  <ItemGroup>
    <ClCompile Include="src\MediaTypeMapper.cpp">
      <Filter>Web\Source Files</Filter>
    </ClCompile>
    <ClCompile Include="src\TokenValidator.cpp">
      <Filter>Web\Source Files</Filter>
    </ClCompile>
    <ClCompile Include="src\WebFilter.cpp">
      <Filter>Web\Source Files</Filter>
    </ClCompile>
    <ClCompile Include="src\WebFilterExtensionPoint.cpp">
      <Filter>Web\Source Files</Filter>
    </ClCompile>
    <ClCompile Include="src\WebFilterFactory.cpp">
      <Filter>Web\Source Files</Filter>
    </ClCompile>
    <ClCompile Include="src\WebRequestHandlerFactory.cpp">
      <Filter>Web\Source Files</Filter>
    </ClCompile>
    <ClCompile Include="src\WebServerDispatcher.cpp">
      <Filter>Web\Source Files</Filter>
    </ClCompile>
    <ClCompile Include="src\WebServerExtensionPoint.cpp">
      <Filter>Web\Source Files</Filter>
    </ClCompile>
    <ClCompile Include="src\WebServerRequestHandler.cpp">
      <Filter>Web\Source Files</Filter>
    </ClCompile>
    <ClCompile Include="src\WebServerRequestHandlerFactory.cpp">
      <Filter>Web\Source Files</Filter>
    </ClCompile>
    <ClCompile Include="src\WebServerService.cpp">
      <Filter>Web\Source Files</Filter>
    </ClCompile>
    <ClCompile Include="src\WebSession.cpp">
      <Filter>Web\Source Files</Filter>
    </ClCompile>
    <ClCompile Include="src\WebSessionManager.cpp">
      <Filter>Web\Source Files</Filter>
    </ClCompile>
    <ClCompile Include="src\WebSessionStore.cpp">
      <Filter>Web\Source Files</Filter>
    </ClCompile>
  </ItemGroup>
</Project>