<?xml version="1.0" encoding="utf-8"?>
<Project ToolsVersion="4.0" xmlns="http://schemas.microsoft.com/developer/msbuild/2003">
  <ItemGroup>
    <Filter Include="CodeGeneration">
      <UniqueIdentifier>{eeedcffd-03da-4bba-b03c-3f2910e7bd03}</UniqueIdentifier>
    </Filter>
    <Filter Include="CodeGeneration\Header Files">
      <UniqueIdentifier>{41413504-30e9-4c3e-bfd9-3ff2fd2c6f60}</UniqueIdentifier>
    </Filter>
    <Filter Include="CodeGeneration\Source Files">
      <UniqueIdentifier>{2342234b-7be2-487a-8a62-a291f058454b}</UniqueIdentifier>
    </Filter>
    <Filter Include="_Suite">
      <UniqueIdentifier>{567428de-18a0-448b-afd2-01375487d388}</UniqueIdentifier>
    </Filter>
    <Filter Include="_Suite\Header Files">
      <UniqueIdentifier>{090855e2-826c-4852-8df5-33b4cb75e849}</UniqueIdentifier>
    </Filter>
    <Filter Include="_Suite\Source Files">
      <UniqueIdentifier>{e5138bd1-a8d0-49cc-bcbe-6006f4b3bb8c}</UniqueIdentifier>
    </Filter>
    <Filter Include="_Driver">
      <UniqueIdentifier>{f3bc3b8a-48fc-42e2-b091-c37a7bed5bbc}</UniqueIdentifier>
    </Filter>
    <Filter Include="_Driver\Source Files">
      <UniqueIdentifier>{89d2db02-fa9a-4d73-9612-2a7b5616fc12}</UniqueIdentifier>
    </Filter>
  </ItemGroup>
  <ItemGroup>
    <ClInclude Include="src\CodeGenerationTest.h">
      <Filter>CodeGeneration\Header Files</Filter>
    </ClInclude>
    <ClInclude Include="src\CodeGenerationTestSuite.h">
      <Filter>_Suite\Header Files</Filter>
    </ClInclude>
  </ItemGroup>
  <ItemGroup>
    <ClCompile Include="src\CodeGenerationTest.cpp">
      <Filter>CodeGeneration\Source Files</Filter>
    </ClCompile>
    <ClCompile Include="src\CodeGenerationTestSuite.cpp">
      <Filter>_Suite\Source Files</Filter>
    </ClCompile>
    <ClCompile Include="src\WinDriver.cpp">
      <Filter>_Driver\Source Files</Filter>
    </ClCompile>
  </ItemGroup>
</Project>