Microsoft Visual Studio Solution File, Format Version 12.00
# Visual Studio 2012
Project("{8BC9CEB8-8B4A-11D0-8D11-00A0C91BC942}") = "Net", "Net_vs110.vcxproj", "{DC41FA0C-5A99-4F14-B075-E4D49AB236E0}"
EndProject
Global
	GlobalSection(SolutionConfigurationPlatforms) = preSolution
		debug_shared|Win32 = debug_shared|Win32
		release_shared|Win32 = release_shared|Win32
	EndGlobalSection
	GlobalSection(ProjectConfigurationPlatforms) = postSolution
		{DC41FA0C-5A99-4F14-B075-E4D49AB236E0}.debug_shared|Win32.ActiveCfg = debug_shared|Win32
		{DC41FA0C-5A99-4F14-B075-E4D49AB236E0}.debug_shared|Win32.Build.0 = debug_shared|Win32
		{DC41FA0C-5A99-4F14-B075-E4D49AB236E0}.debug_shared|Win32.Deploy.0 = debug_shared|Win32
		{DC41FA0C-5A99-4F14-B075-E4D49AB236E0}.release_shared|Win32.ActiveCfg = release_shared|Win32
		{DC41FA0C-5A99-4F14-B075-E4D49AB236E0}.release_shared|Win32.Build.0 = release_shared|Win32
		{DC41FA0C-5A99-4F14-B075-E4D49AB236E0}.release_shared|Win32.Deploy.0 = release_shared|Win32
	EndGlobalSection
	GlobalSection(SolutionProperties) = preSolution
		HideSolutionNode = FALSE
	EndGlobalSection
EndGlobal
