<?xml version="1.0" encoding="utf-8"?>
<Project ToolsVersion="4.0" xmlns="http://schemas.microsoft.com/developer/msbuild/2003">
  <ItemGroup>
    <Filter Include="Source Files">
      <UniqueIdentifier>{33347aa1-8939-4454-805d-5ff84b786760}</UniqueIdentifier>
    </Filter>
    <Filter Include="Header Files">
      <UniqueIdentifier>{0462021a-f995-48a2-b9b5-0c9eaa656ba9}</UniqueIdentifier>
    </Filter>
  </ItemGroup>
  <ItemGroup>
    <ClCompile Include="src\BridgeWrapper.cpp">
      <Filter>Source Files</Filter>
    </ClCompile>
    <ClCompile Include="src\Deserializer.cpp">
      <Filter>Source Files</Filter>
    </ClCompile>
    <ClCompile Include="src\JSONEventSerializer.cpp">
      <Filter>Source Files</Filter>
    </ClCompile>
    <ClCompile Include="src\Listener.cpp">
      <Filter>Source Files</Filter>
    </ClCompile>
    <ClCompile Include="src\Serializer.cpp">
      <Filter>Source Files</Filter>
    </ClCompile>
  </ItemGroup>
  <ItemGroup>
    <ClInclude Include="include\Poco\JS\Bridge\Bridge.h">
      <Filter>Header Files</Filter>
    </ClInclude>
    <ClInclude Include="include\Poco\JS\Bridge\BridgeWrapper.h">
      <Filter>Header Files</Filter>
    </ClInclude>
    <ClInclude Include="include\Poco\JS\Bridge\Deserializer.h">
      <Filter>Header Files</Filter>
    </ClInclude>
    <ClInclude Include="include\Poco\JS\Bridge\JSONEventSerializer.h">
      <Filter>Header Files</Filter>
    </ClInclude>
    <ClInclude Include="include\Poco\JS\Bridge\Listener.h">
      <Filter>Header Files</Filter>
    </ClInclude>
    <ClInclude Include="include\Poco\JS\Bridge\Serializer.h">
      <Filter>Header Files</Filter>
    </ClInclude>
  </ItemGroup>
</Project>