<?xml version="1.0" encoding="utf-8"?>
<Project ToolsVersion="4.0" xmlns="http://schemas.microsoft.com/developer/msbuild/2003">
  <ItemGroup>
    <Filter Include="Source Files">
      <UniqueIdentifier>{4FC737F1-C7A5-4376-A066-2A32D752A2FF}</UniqueIdentifier>
      <Extensions>cpp;c;cxx;def;odl;idl;hpj;bat;asm;asmx</Extensions>
    </Filter>
    <Filter Include="Header Files">
      <UniqueIdentifier>{2d561bef-73fd-4ba2-b2d1-222382c3c541}</UniqueIdentifier>
    </Filter>
    <Filter Include="Bundle">
      <UniqueIdentifier>{42b70e92-8e80-4b99-b4bf-96c4d31067f7}</UniqueIdentifier>
    </Filter>
    <Filter Include="Bundle\html">
      <UniqueIdentifier>{a09ef989-379e-4279-87c1-25bce11cc9d6}</UniqueIdentifier>
    </Filter>
  </ItemGroup>
  <ItemGroup>
    <ClCompile Include="src\WebEventBundleActivator.cpp">
      <Filter>Source Files</Filter>
    </ClCompile>
  </ItemGroup>
  <ItemGroup>
    <None Include="bundle\extensions.xml">
      <Filter>Bundle</Filter>
    </None>
    <None Include="WebEvent.bndlspec">
      <Filter>Bundle</Filter>
    </None>
    <None Include="bundle\html\index.html">
      <Filter>Bundle\html</Filter>
    </None>
  </ItemGroup>
</Project>