<?xml version="1.0" encoding="utf-8"?>
<Project ToolsVersion="4.0" xmlns="http://schemas.microsoft.com/developer/msbuild/2003">
  <ItemGroup>
    <Filter Include="Source Files">
      <UniqueIdentifier>{4FC737F1-C7A5-4376-A066-2A32D752A2FF}</UniqueIdentifier>
      <Extensions>cpp;c;cxx;def;odl;idl;hpj;bat;asm;asmx</Extensions>
    </Filter>
    <Filter Include="Header Files">
      <UniqueIdentifier>{d99c5610-e28d-4f0c-9bf8-f6c8e38a461f}</UniqueIdentifier>
    </Filter>
    <Filter Include="Bundle Specification">
      <UniqueIdentifier>{4dc1eb43-7de1-484a-91b2-c50270a9c231}</UniqueIdentifier>
    </Filter>
  </ItemGroup>
  <ItemGroup>
    <ClCompile Include="src\Extensible.cpp">
      <Filter>Source Files</Filter>
    </ClCompile>
  </ItemGroup>
  <ItemGroup>
    <None Include="Extensible.bndlspec">
      <Filter>Bundle Specification</Filter>
    </None>
  </ItemGroup>
</Project>