<?xml version="1.0" encoding="utf-8"?>
<Project ToolsVersion="4.0" xmlns="http://schemas.microsoft.com/developer/msbuild/2003">
  <ItemGroup>
    <Filter Include="TCP">
      <UniqueIdentifier>{a8d28361-7f6e-46b7-ae7d-db0be16d821b}</UniqueIdentifier>
    </Filter>
    <Filter Include="TCP\Header Files">
      <UniqueIdentifier>{f27c7e63-e985-4630-85e1-6eda24521f5c}</UniqueIdentifier>
    </Filter>
    <Filter Include="TCP\Source Files">
      <UniqueIdentifier>{2041754d-ba2c-45ef-921b-466f1b6a25d7}</UniqueIdentifier>
    </Filter>
    <Filter Include="_Suite">
      <UniqueIdentifier>{32308028-d2b7-4662-856c-b8bfce792937}</UniqueIdentifier>
    </Filter>
    <Filter Include="_Suite\Header Files">
      <UniqueIdentifier>{98177a40-66d8-415a-b28e-8aa627eef080}</UniqueIdentifier>
    </Filter>
    <Filter Include="_Suite\Source Files">
      <UniqueIdentifier>{d2d30016-e19b-442a-9cfd-5e4a47825ad2}</UniqueIdentifier>
    </Filter>
    <Filter Include="_Driver">
      <UniqueIdentifier>{05719ef5-e2ba-4724-b745-1af2d06db149}</UniqueIdentifier>
    </Filter>
    <Filter Include="_Driver\Source Files">
      <UniqueIdentifier>{63603ff1-7d51-4aa9-a7e0-0a9edebbd7be}</UniqueIdentifier>
    </Filter>
    <Filter Include="Generated">
      <UniqueIdentifier>{861ee451-8734-43b5-a090-c2abbe6d668c}</UniqueIdentifier>
    </Filter>
    <Filter Include="Generated\Header Files">
      <UniqueIdentifier>{437f837d-ba78-42bb-b16c-4f55818b7ad5}</UniqueIdentifier>
    </Filter>
    <Filter Include="Generated\Source Files">
      <UniqueIdentifier>{72ae5cc6-e109-44e8-941b-b0befa9dc76a}</UniqueIdentifier>
    </Filter>
  </ItemGroup>
  <ItemGroup>
    <ClInclude Include="src\RemotingTest.h">
      <Filter>TCP\Header Files</Filter>
    </ClInclude>
    <ClInclude Include="src\Tester.h">
      <Filter>TCP\Header Files</Filter>
    </ClInclude>
    <ClInclude Include="src\TCPTestSuite.h">
      <Filter>_Suite\Header Files</Filter>
    </ClInclude>
    <ClInclude Include="src\Class1Deserializer.h">
      <Filter>Generated\Header Files</Filter>
    </ClInclude>
    <ClInclude Include="src\Class1Serializer.h">
      <Filter>Generated\Header Files</Filter>
    </ClInclude>
    <ClInclude Include="src\ITester.h">
      <Filter>Generated\Header Files</Filter>
    </ClInclude>
    <ClInclude Include="src\Struct1Deserializer.h">
      <Filter>Generated\Header Files</Filter>
    </ClInclude>
    <ClInclude Include="src\Struct1Serializer.h">
      <Filter>Generated\Header Files</Filter>
    </ClInclude>
    <ClInclude Include="src\Struct2Deserializer.h">
      <Filter>Generated\Header Files</Filter>
    </ClInclude>
    <ClInclude Include="src\Struct2Serializer.h">
      <Filter>Generated\Header Files</Filter>
    </ClInclude>
    <ClInclude Include="src\Struct3Deserializer.h">
      <Filter>Generated\Header Files</Filter>
    </ClInclude>
    <ClInclude Include="src\Struct3Serializer.h">
      <Filter>Generated\Header Files</Filter>
    </ClInclude>
    <ClInclude Include="src\Struct4Deserializer.h">
      <Filter>Generated\Header Files</Filter>
    </ClInclude>
    <ClInclude Include="src\Struct4Serializer.h">
      <Filter>Generated\Header Files</Filter>
    </ClInclude>
    <ClInclude Include="src\Struct5Deserializer.h">
      <Filter>Generated\Header Files</Filter>
    </ClInclude>
    <ClInclude Include="src\Struct5Serializer.h">
      <Filter>Generated\Header Files</Filter>
    </ClInclude>
    <ClInclude Include="src\TesterClientHelper.h">
      <Filter>Generated\Header Files</Filter>
    </ClInclude>
    <ClInclude Include="src\TesterEventDispatcher.h">
      <Filter>Generated\Header Files</Filter>
    </ClInclude>
    <ClInclude Include="src\TesterEventSubscriber.h">
      <Filter>Generated\Header Files</Filter>
    </ClInclude>
    <ClInclude Include="src\TesterProxy.h">
      <Filter>Generated\Header Files</Filter>
    </ClInclude>
    <ClInclude Include="src\TesterProxyFactory.h">
      <Filter>Generated\Header Files</Filter>
    </ClInclude>
    <ClInclude Include="src\TesterRemoteObject.h">
      <Filter>Generated\Header Files</Filter>
    </ClInclude>
    <ClInclude Include="src\TesterServerHelper.h">
      <Filter>Generated\Header Files</Filter>
    </ClInclude>
    <ClInclude Include="src\TesterSkeleton.h">
      <Filter>Generated\Header Files</Filter>
    </ClInclude>
  </ItemGroup>
  <ItemGroup>
    <ClCompile Include="src\RemotingTest.cpp">
      <Filter>TCP\Source Files</Filter>
    </ClCompile>
    <ClCompile Include="src\Tester.cpp">
      <Filter>TCP\Source Files</Filter>
    </ClCompile>
    <ClCompile Include="src\TCPTestSuite.cpp">
      <Filter>_Suite\Source Files</Filter>
    </ClCompile>
    <ClCompile Include="src\WinDriver.cpp">
      <Filter>_Driver\Source Files</Filter>
    </ClCompile>
    <ClCompile Include="src\Driver.cpp">
      <Filter>Generated\Header Files</Filter>
    </ClCompile>
    <ClCompile Include="src\ITester.cpp">
      <Filter>Generated\Source Files</Filter>
    </ClCompile>
    <ClCompile Include="src\TesterClientHelper.cpp">
      <Filter>Generated\Source Files</Filter>
    </ClCompile>
    <ClCompile Include="src\TesterEventDispatcher.cpp">
      <Filter>Generated\Source Files</Filter>
    </ClCompile>
    <ClCompile Include="src\TesterEventSubscriber.cpp">
      <Filter>Generated\Source Files</Filter>
    </ClCompile>
    <ClCompile Include="src\TesterProxy.cpp">
      <Filter>Generated\Source Files</Filter>
    </ClCompile>
    <ClCompile Include="src\TesterProxyFactory.cpp">
      <Filter>Generated\Source Files</Filter>
    </ClCompile>
    <ClCompile Include="src\TesterRemoteObject.cpp">
      <Filter>Generated\Source Files</Filter>
    </ClCompile>
    <ClCompile Include="src\TesterServerHelper.cpp">
      <Filter>Generated\Source Files</Filter>
    </ClCompile>
    <ClCompile Include="src\TesterSkeleton.cpp">
      <Filter>Generated\Source Files</Filter>
    </ClCompile>
  </ItemGroup>
</Project>