<?xml version="1.0" encoding="utf-8"?>
<Project ToolsVersion="4.0" xmlns="http://schemas.microsoft.com/developer/msbuild/2003">
  <ItemGroup>
    <Filter Include="Remoting">
      <UniqueIdentifier>{979df644-d66d-4e2a-98f6-89d4f008d68f}</UniqueIdentifier>
    </Filter>
    <Filter Include="Remoting\Header Files">
      <UniqueIdentifier>{70bd69aa-f96c-4ab1-a243-a068eead7e8a}</UniqueIdentifier>
    </Filter>
    <Filter Include="Remoting\Source Files">
      <UniqueIdentifier>{4a482a98-7bba-4e37-8255-5d03ba200969}</UniqueIdentifier>
    </Filter>
    <Filter Include="Serialization">
      <UniqueIdentifier>{a563632e-60ef-4edf-8166-8b566abb09b5}</UniqueIdentifier>
    </Filter>
    <Filter Include="Serialization\Header Files">
      <UniqueIdentifier>{0260b110-91a8-44c9-8081-d13bd656b9e2}</UniqueIdentifier>
    </Filter>
    <Filter Include="Serialization\Source Files">
      <UniqueIdentifier>{3d06e9e1-0d48-48be-b1e0-887f33050a3b}</UniqueIdentifier>
    </Filter>
    <Filter Include="Transport">
      <UniqueIdentifier>{d079aec2-89aa-48c6-bc77-2521b6c8ce31}</UniqueIdentifier>
    </Filter>
    <Filter Include="Transport\Header Files">
      <UniqueIdentifier>{2b1d76af-016d-47d4-bbe1-f86b9ec81c57}</UniqueIdentifier>
    </Filter>
    <Filter Include="Transport\Source Files">
      <UniqueIdentifier>{0c1923e0-78f4-4e66-918e-b8e0c2573fc8}</UniqueIdentifier>
    </Filter>
  </ItemGroup>
  <ItemGroup>
    <ClInclude Include="include\Poco\RemotingNG\AttributedObject.h">
      <Filter>Remoting\Header Files</Filter>
    </ClInclude>
    <ClInclude Include="include\Poco\RemotingNG\EventDispatcher.h">
      <Filter>Remoting\Header Files</Filter>
    </ClInclude>
    <ClInclude Include="include\Poco\RemotingNG\EventFilter.h">
      <Filter>Remoting\Header Files</Filter>
    </ClInclude>
    <ClInclude Include="include\Poco\RemotingNG\EventSubscriber.h">
      <Filter>Remoting\Header Files</Filter>
    </ClInclude>
    <ClInclude Include="include\Poco\RemotingNG\Identifiable.h">
      <Filter>Remoting\Header Files</Filter>
    </ClInclude>
    <ClInclude Include="include\Poco\RemotingNG\MethodHandler.h">
      <Filter>Remoting\Header Files</Filter>
    </ClInclude>
    <ClInclude Include="include\Poco\RemotingNG\ORB.h">
      <Filter>Remoting\Header Files</Filter>
    </ClInclude>
    <ClInclude Include="include\Poco\RemotingNG\Proxy.h">
      <Filter>Remoting\Header Files</Filter>
    </ClInclude>
    <ClInclude Include="include\Poco\RemotingNG\ProxyFactory.h">
      <Filter>Remoting\Header Files</Filter>
    </ClInclude>
    <ClInclude Include="include\Poco\RemotingNG\ProxyFactoryManager.h">
      <Filter>Remoting\Header Files</Filter>
    </ClInclude>
    <ClInclude Include="include\Poco\RemotingNG\RemoteObject.h">
      <Filter>Remoting\Header Files</Filter>
    </ClInclude>
    <ClInclude Include="include\Poco\RemotingNG\RemotingException.h">
      <Filter>Remoting\Header Files</Filter>
    </ClInclude>
    <ClInclude Include="include\Poco\RemotingNG\RemotingNG.h">
      <Filter>Remoting\Header Files</Filter>
    </ClInclude>
    <ClInclude Include="include\Poco\RemotingNG\ServerHelper.h">
      <Filter>Remoting\Header Files</Filter>
    </ClInclude>
    <ClInclude Include="include\Poco\RemotingNG\Skeleton.h">
      <Filter>Remoting\Header Files</Filter>
    </ClInclude>
    <ClInclude Include="include\Poco\RemotingNG\URIUtility.h">
      <Filter>Remoting\Header Files</Filter>
    </ClInclude>
    <ClInclude Include="include\Poco\RemotingNG\BinaryDeserializer.h">
      <Filter>Serialization\Header Files</Filter>
    </ClInclude>
    <ClInclude Include="include\Poco\RemotingNG\BinarySerializer.h">
      <Filter>Serialization\Header Files</Filter>
    </ClInclude>
    <ClInclude Include="include\Poco\RemotingNG\Deserializer.h">
      <Filter>Serialization\Header Files</Filter>
    </ClInclude>
    <ClInclude Include="include\Poco\RemotingNG\Serializer.h">
      <Filter>Serialization\Header Files</Filter>
    </ClInclude>
    <ClInclude Include="include\Poco\RemotingNG\SerializerBase.h">
      <Filter>Serialization\Header Files</Filter>
    </ClInclude>
    <ClInclude Include="include\Poco\RemotingNG\TypeDeserializer.h">
      <Filter>Serialization\Header Files</Filter>
    </ClInclude>
    <ClInclude Include="include\Poco\RemotingNG\TypeSerializer.h">
      <Filter>Serialization\Header Files</Filter>
    </ClInclude>
    <ClInclude Include="include\Poco\RemotingNG\Context.h">
      <Filter>Transport\Header Files</Filter>
    </ClInclude>
    <ClInclude Include="include\Poco\RemotingNG\EventListener.h">
      <Filter>Transport\Header Files</Filter>
    </ClInclude>
    <ClInclude Include="include\Poco\RemotingNG\Listener.h">
      <Filter>Transport\Header Files</Filter>
    </ClInclude>
    <ClInclude Include="include\Poco\RemotingNG\ServerTransport.h">
      <Filter>Transport\Header Files</Filter>
    </ClInclude>
    <ClInclude Include="include\Poco\RemotingNG\Transport.h">
      <Filter>Transport\Header Files</Filter>
    </ClInclude>
    <ClInclude Include="include\Poco\RemotingNG\TransportFactory.h">
      <Filter>Transport\Header Files</Filter>
    </ClInclude>
    <ClInclude Include="include\Poco\RemotingNG\TransportFactoryManager.h">
      <Filter>Transport\Header Files</Filter>
    </ClInclude>
  </ItemGroup>
  <ItemGroup>
    <ClCompile Include="src\AttributedObject.cpp">
      <Filter>Remoting\Source Files</Filter>
    </ClCompile>
    <ClCompile Include="src\EventDispatcher.cpp">
      <Filter>Remoting\Source Files</Filter>
    </ClCompile>
    <ClCompile Include="src\EventSubscriber.cpp">
      <Filter>Remoting\Source Files</Filter>
    </ClCompile>
    <ClCompile Include="src\Identifiable.cpp">
      <Filter>Remoting\Source Files</Filter>
    </ClCompile>
    <ClCompile Include="src\MethodHandler.cpp">
      <Filter>Remoting\Source Files</Filter>
    </ClCompile>
    <ClCompile Include="src\ORB.cpp">
      <Filter>Remoting\Source Files</Filter>
    </ClCompile>
    <ClCompile Include="src\Proxy.cpp">
      <Filter>Remoting\Source Files</Filter>
    </ClCompile>
    <ClCompile Include="src\ProxyFactory.cpp">
      <Filter>Remoting\Source Files</Filter>
    </ClCompile>
    <ClCompile Include="src\ProxyFactoryManager.cpp">
      <Filter>Remoting\Source Files</Filter>
    </ClCompile>
    <ClCompile Include="src\RemoteObject.cpp">
      <Filter>Remoting\Source Files</Filter>
    </ClCompile>
    <ClCompile Include="src\RemotingException.cpp">
      <Filter>Remoting\Source Files</Filter>
    </ClCompile>
    <ClCompile Include="src\Skeleton.cpp">
      <Filter>Remoting\Source Files</Filter>
    </ClCompile>
    <ClCompile Include="src\URIUtility.cpp">
      <Filter>Remoting\Source Files</Filter>
    </ClCompile>
    <ClCompile Include="src\BinaryDeserializer.cpp">
      <Filter>Serialization\Source Files</Filter>
    </ClCompile>
    <ClCompile Include="src\BinarySerializer.cpp">
      <Filter>Serialization\Source Files</Filter>
    </ClCompile>
    <ClCompile Include="src\Deserializer.cpp">
      <Filter>Serialization\Source Files</Filter>
    </ClCompile>
    <ClCompile Include="src\Serializer.cpp">
      <Filter>Serialization\Source Files</Filter>
    </ClCompile>
    <ClCompile Include="src\SerializerBase.cpp">
      <Filter>Serialization\Source Files</Filter>
    </ClCompile>
    <ClCompile Include="src\Context.cpp">
      <Filter>Transport\Source Files</Filter>
    </ClCompile>
    <ClCompile Include="src\EventListener.cpp">
      <Filter>Transport\Source Files</Filter>
    </ClCompile>
    <ClCompile Include="src\Listener.cpp">
      <Filter>Transport\Source Files</Filter>
    </ClCompile>
    <ClCompile Include="src\ServerTransport.cpp">
      <Filter>Transport\Source Files</Filter>
    </ClCompile>
    <ClCompile Include="src\Transport.cpp">
      <Filter>Transport\Source Files</Filter>
    </ClCompile>
    <ClCompile Include="src\TransportFactory.cpp">
      <Filter>Transport\Source Files</Filter>
    </ClCompile>
    <ClCompile Include="src\TransportFactoryManager.cpp">
      <Filter>Transport\Source Files</Filter>
    </ClCompile>
  </ItemGroup>
</Project>