<?xml version="1.0" encoding="utf-8"?>
<Project ToolsVersion="4.0" xmlns="http://schemas.microsoft.com/developer/msbuild/2003">
  <ItemGroup>
    <Filter Include="Remoting">
      <UniqueIdentifier>{cae96a4e-0686-4b59-ba24-47120dcb4ac3}</UniqueIdentifier>
    </Filter>
    <Filter Include="Remoting\Header Files">
      <UniqueIdentifier>{1309e2c2-a706-4186-8134-02ebabd1a3b1}</UniqueIdentifier>
    </Filter>
    <Filter Include="Remoting\Source Files">
      <UniqueIdentifier>{581a246a-6361-4510-bac4-089a9c0bfd77}</UniqueIdentifier>
    </Filter>
    <Filter Include="Serialization">
      <UniqueIdentifier>{dbd2af05-8c08-4d2a-a431-42989eeafa42}</UniqueIdentifier>
    </Filter>
    <Filter Include="Serialization\Header Files">
      <UniqueIdentifier>{97bc526a-280b-47e4-a79c-a910cde189a2}</UniqueIdentifier>
    </Filter>
    <Filter Include="Serialization\Source Files">
      <UniqueIdentifier>{f42487e7-9cf6-4d59-945e-ba1922d70bec}</UniqueIdentifier>
    </Filter>
    <Filter Include="Transport">
      <UniqueIdentifier>{8c59da25-ed6f-4c0d-a4af-fa84ce7ebad2}</UniqueIdentifier>
    </Filter>
    <Filter Include="Transport\Header Files">
      <UniqueIdentifier>{fc1bb35a-8a62-4bdd-81de-1c229504c466}</UniqueIdentifier>
    </Filter>
    <Filter Include="Transport\Source Files">
      <UniqueIdentifier>{5f5313dd-1c53-4e67-ae2b-21a4cbdc59c9}</UniqueIdentifier>
    </Filter>
  </ItemGroup>
  <ItemGroup>
    <ClInclude Include="include\Poco\RemotingNG\AttributedObject.h">
      <Filter>Remoting\Header Files</Filter>
    </ClInclude>
    <ClInclude Include="include\Poco\RemotingNG\EventDispatcher.h">
      <Filter>Remoting\Header Files</Filter>
    </ClInclude>
    <ClInclude Include="include\Poco\RemotingNG\EventSubscriber.h">
      <Filter>Remoting\Header Files</Filter>
    </ClInclude>
    <ClInclude Include="include\Poco\RemotingNG\Identifiable.h">
      <Filter>Remoting\Header Files</Filter>
    </ClInclude>
    <ClInclude Include="include\Poco\RemotingNG\MethodHandler.h">
      <Filter>Remoting\Header Files</Filter>
    </ClInclude>
    <ClInclude Include="include\Poco\RemotingNG\ORB.h">
      <Filter>Remoting\Header Files</Filter>
    </ClInclude>
    <ClInclude Include="include\Poco\RemotingNG\Proxy.h">
      <Filter>Remoting\Header Files</Filter>
    </ClInclude>
    <ClInclude Include="include\Poco\RemotingNG\ProxyFactory.h">
      <Filter>Remoting\Header Files</Filter>
    </ClInclude>
    <ClInclude Include="include\Poco\RemotingNG\ProxyFactoryManager.h">
      <Filter>Remoting\Header Files</Filter>
    </ClInclude>
    <ClInclude Include="include\Poco\RemotingNG\RemoteObject.h">
      <Filter>Remoting\Header Files</Filter>
    </ClInclude>
    <ClInclude Include="include\Poco\RemotingNG\RemotingException.h">
      <Filter>Remoting\Header Files</Filter>
    </ClInclude>
    <ClInclude Include="include\Poco\RemotingNG\RemotingNG.h">
      <Filter>Remoting\Header Files</Filter>
    </ClInclude>
    <ClInclude Include="include\Poco\RemotingNG\ServerHelper.h">
      <Filter>Remoting\Header Files</Filter>
    </ClInclude>
    <ClInclude Include="include\Poco\RemotingNG\Skeleton.h">
      <Filter>Remoting\Header Files</Filter>
    </ClInclude>
    <ClInclude Include="include\Poco\RemotingNG\URIUtility.h">
      <Filter>Remoting\Header Files</Filter>
    </ClInclude>
    <ClInclude Include="include\Poco\RemotingNG\BinaryDeserializer.h">
      <Filter>Serialization\Header Files</Filter>
    </ClInclude>
    <ClInclude Include="include\Poco\RemotingNG\BinarySerializer.h">
      <Filter>Serialization\Header Files</Filter>
    </ClInclude>
    <ClInclude Include="include\Poco\RemotingNG\Deserializer.h">
      <Filter>Serialization\Header Files</Filter>
    </ClInclude>
    <ClInclude Include="include\Poco\RemotingNG\Serializer.h">
      <Filter>Serialization\Header Files</Filter>
    </ClInclude>
    <ClInclude Include="include\Poco\RemotingNG\SerializerBase.h">
      <Filter>Serialization\Header Files</Filter>
    </ClInclude>
    <ClInclude Include="include\Poco\RemotingNG\TypeDeserializer.h">
      <Filter>Serialization\Header Files</Filter>
    </ClInclude>
    <ClInclude Include="include\Poco\RemotingNG\TypeSerializer.h">
      <Filter>Serialization\Header Files</Filter>
    </ClInclude>
    <ClInclude Include="include\Poco\RemotingNG\Context.h">
      <Filter>Transport\Header Files</Filter>
    </ClInclude>
    <ClInclude Include="include\Poco\RemotingNG\EventListener.h">
      <Filter>Transport\Header Files</Filter>
    </ClInclude>
    <ClInclude Include="include\Poco\RemotingNG\Listener.h">
      <Filter>Transport\Header Files</Filter>
    </ClInclude>
    <ClInclude Include="include\Poco\RemotingNG\ServerTransport.h">
      <Filter>Transport\Header Files</Filter>
    </ClInclude>
    <ClInclude Include="include\Poco\RemotingNG\Transport.h">
      <Filter>Transport\Header Files</Filter>
    </ClInclude>
    <ClInclude Include="include\Poco\RemotingNG\TransportFactory.h">
      <Filter>Transport\Header Files</Filter>
    </ClInclude>
    <ClInclude Include="include\Poco\RemotingNG\TransportFactoryManager.h">
      <Filter>Transport\Header Files</Filter>
    </ClInclude>
  </ItemGroup>
  <ItemGroup>
    <ClCompile Include="src\AttributedObject.cpp">
      <Filter>Remoting\Source Files</Filter>
    </ClCompile>
    <ClCompile Include="src\EventDispatcher.cpp">
      <Filter>Remoting\Source Files</Filter>
    </ClCompile>
    <ClCompile Include="src\EventSubscriber.cpp">
      <Filter>Remoting\Source Files</Filter>
    </ClCompile>
    <ClCompile Include="src\Identifiable.cpp">
      <Filter>Remoting\Source Files</Filter>
    </ClCompile>
    <ClCompile Include="src\MethodHandler.cpp">
      <Filter>Remoting\Source Files</Filter>
    </ClCompile>
    <ClCompile Include="src\ORB.cpp">
      <Filter>Remoting\Source Files</Filter>
    </ClCompile>
    <ClCompile Include="src\Proxy.cpp">
      <Filter>Remoting\Source Files</Filter>
    </ClCompile>
    <ClCompile Include="src\ProxyFactory.cpp">
      <Filter>Remoting\Source Files</Filter>
    </ClCompile>
    <ClCompile Include="src\ProxyFactoryManager.cpp">
      <Filter>Remoting\Source Files</Filter>
    </ClCompile>
    <ClCompile Include="src\RemoteObject.cpp">
      <Filter>Remoting\Source Files</Filter>
    </ClCompile>
    <ClCompile Include="src\RemotingException.cpp">
      <Filter>Remoting\Source Files</Filter>
    </ClCompile>
    <ClCompile Include="src\Skeleton.cpp">
      <Filter>Remoting\Source Files</Filter>
    </ClCompile>
    <ClCompile Include="src\URIUtility.cpp">
      <Filter>Remoting\Source Files</Filter>
    </ClCompile>
    <ClCompile Include="src\BinaryDeserializer.cpp">
      <Filter>Serialization\Source Files</Filter>
    </ClCompile>
    <ClCompile Include="src\BinarySerializer.cpp">
      <Filter>Serialization\Source Files</Filter>
    </ClCompile>
    <ClCompile Include="src\Deserializer.cpp">
      <Filter>Serialization\Source Files</Filter>
    </ClCompile>
    <ClCompile Include="src\Serializer.cpp">
      <Filter>Serialization\Source Files</Filter>
    </ClCompile>
    <ClCompile Include="src\SerializerBase.cpp">
      <Filter>Serialization\Source Files</Filter>
    </ClCompile>
    <ClCompile Include="src\Context.cpp">
      <Filter>Transport\Source Files</Filter>
    </ClCompile>
    <ClCompile Include="src\EventListener.cpp">
      <Filter>Transport\Source Files</Filter>
    </ClCompile>
    <ClCompile Include="src\Listener.cpp">
      <Filter>Transport\Source Files</Filter>
    </ClCompile>
    <ClCompile Include="src\ServerTransport.cpp">
      <Filter>Transport\Source Files</Filter>
    </ClCompile>
    <ClCompile Include="src\Transport.cpp">
      <Filter>Transport\Source Files</Filter>
    </ClCompile>
    <ClCompile Include="src\TransportFactory.cpp">
      <Filter>Transport\Source Files</Filter>
    </ClCompile>
    <ClCompile Include="src\TransportFactoryManager.cpp">
      <Filter>Transport\Source Files</Filter>
    </ClCompile>
  </ItemGroup>
</Project>