<?xml version="1.0" encoding="utf-8"?>
<Project ToolsVersion="4.0" xmlns="http://schemas.microsoft.com/developer/msbuild/2003">
  <ItemGroup>
    <Filter Include="Remoting">
      <UniqueIdentifier>{f6b4fd18-30f1-4665-9b5b-68102f7cd67b}</UniqueIdentifier>
    </Filter>
    <Filter Include="Remoting\Header Files">
      <UniqueIdentifier>{0992b392-f884-4513-9622-c63b52c530c9}</UniqueIdentifier>
    </Filter>
    <Filter Include="Remoting\Source Files">
      <UniqueIdentifier>{80b135a6-a8df-4a5f-8e8f-19d0ca343652}</UniqueIdentifier>
    </Filter>
    <Filter Include="Serialization">
      <UniqueIdentifier>{c167d81d-d480-41a6-8a8c-f3c2d6639f8c}</UniqueIdentifier>
    </Filter>
    <Filter Include="Serialization\Header Files">
      <UniqueIdentifier>{733e728d-3461-4eba-aa8a-89bc79e25ac2}</UniqueIdentifier>
    </Filter>
    <Filter Include="Serialization\Source Files">
      <UniqueIdentifier>{98f50cba-6bfa-49ed-939e-b5392a9540f5}</UniqueIdentifier>
    </Filter>
    <Filter Include="Transport">
      <UniqueIdentifier>{6636c101-639f-4255-84cf-60e33d5e9da8}</UniqueIdentifier>
    </Filter>
    <Filter Include="Transport\Header Files">
      <UniqueIdentifier>{07d436df-7cde-45cf-b1ab-4cb3d1e2f222}</UniqueIdentifier>
    </Filter>
    <Filter Include="Transport\Source Files">
      <UniqueIdentifier>{653580e4-8165-4678-938a-26799a7dddde}</UniqueIdentifier>
    </Filter>
  </ItemGroup>
  <ItemGroup>
    <ClInclude Include="include\Poco\RemotingNG\AttributedObject.h">
      <Filter>Remoting\Header Files</Filter>
    </ClInclude>
    <ClInclude Include="include\Poco\RemotingNG\EventDispatcher.h">
      <Filter>Remoting\Header Files</Filter>
    </ClInclude>
    <ClInclude Include="include\Poco\RemotingNG\EventSubscriber.h">
      <Filter>Remoting\Header Files</Filter>
    </ClInclude>
    <ClInclude Include="include\Poco\RemotingNG\Identifiable.h">
      <Filter>Remoting\Header Files</Filter>
    </ClInclude>
    <ClInclude Include="include\Poco\RemotingNG\MethodHandler.h">
      <Filter>Remoting\Header Files</Filter>
    </ClInclude>
    <ClInclude Include="include\Poco\RemotingNG\ORB.h">
      <Filter>Remoting\Header Files</Filter>
    </ClInclude>
    <ClInclude Include="include\Poco\RemotingNG\Proxy.h">
      <Filter>Remoting\Header Files</Filter>
    </ClInclude>
    <ClInclude Include="include\Poco\RemotingNG\ProxyFactory.h">
      <Filter>Remoting\Header Files</Filter>
    </ClInclude>
    <ClInclude Include="include\Poco\RemotingNG\ProxyFactoryManager.h">
      <Filter>Remoting\Header Files</Filter>
    </ClInclude>
    <ClInclude Include="include\Poco\RemotingNG\RemoteObject.h">
      <Filter>Remoting\Header Files</Filter>
    </ClInclude>
    <ClInclude Include="include\Poco\RemotingNG\RemotingException.h">
      <Filter>Remoting\Header Files</Filter>
    </ClInclude>
    <ClInclude Include="include\Poco\RemotingNG\RemotingNG.h">
      <Filter>Remoting\Header Files</Filter>
    </ClInclude>
    <ClInclude Include="include\Poco\RemotingNG\ServerHelper.h">
      <Filter>Remoting\Header Files</Filter>
    </ClInclude>
    <ClInclude Include="include\Poco\RemotingNG\Skeleton.h">
      <Filter>Remoting\Header Files</Filter>
    </ClInclude>
    <ClInclude Include="include\Poco\RemotingNG\URIUtility.h">
      <Filter>Remoting\Header Files</Filter>
    </ClInclude>
    <ClInclude Include="include\Poco\RemotingNG\BinaryDeserializer.h">
      <Filter>Serialization\Header Files</Filter>
    </ClInclude>
    <ClInclude Include="include\Poco\RemotingNG\BinarySerializer.h">
      <Filter>Serialization\Header Files</Filter>
    </ClInclude>
    <ClInclude Include="include\Poco\RemotingNG\Deserializer.h">
      <Filter>Serialization\Header Files</Filter>
    </ClInclude>
    <ClInclude Include="include\Poco\RemotingNG\Serializer.h">
      <Filter>Serialization\Header Files</Filter>
    </ClInclude>
    <ClInclude Include="include\Poco\RemotingNG\SerializerBase.h">
      <Filter>Serialization\Header Files</Filter>
    </ClInclude>
    <ClInclude Include="include\Poco\RemotingNG\TypeDeserializer.h">
      <Filter>Serialization\Header Files</Filter>
    </ClInclude>
    <ClInclude Include="include\Poco\RemotingNG\TypeSerializer.h">
      <Filter>Serialization\Header Files</Filter>
    </ClInclude>
    <ClInclude Include="include\Poco\RemotingNG\Context.h">
      <Filter>Transport\Header Files</Filter>
    </ClInclude>
    <ClInclude Include="include\Poco\RemotingNG\EventListener.h">
      <Filter>Transport\Header Files</Filter>
    </ClInclude>
    <ClInclude Include="include\Poco\RemotingNG\Listener.h">
      <Filter>Transport\Header Files</Filter>
    </ClInclude>
    <ClInclude Include="include\Poco\RemotingNG\ServerTransport.h">
      <Filter>Transport\Header Files</Filter>
    </ClInclude>
    <ClInclude Include="include\Poco\RemotingNG\Transport.h">
      <Filter>Transport\Header Files</Filter>
    </ClInclude>
    <ClInclude Include="include\Poco\RemotingNG\TransportFactory.h">
      <Filter>Transport\Header Files</Filter>
    </ClInclude>
    <ClInclude Include="include\Poco\RemotingNG\TransportFactoryManager.h">
      <Filter>Transport\Header Files</Filter>
    </ClInclude>
  </ItemGroup>
  <ItemGroup>
    <ClCompile Include="src\AttributedObject.cpp">
      <Filter>Remoting\Source Files</Filter>
    </ClCompile>
    <ClCompile Include="src\EventDispatcher.cpp">
      <Filter>Remoting\Source Files</Filter>
    </ClCompile>
    <ClCompile Include="src\EventSubscriber.cpp">
      <Filter>Remoting\Source Files</Filter>
    </ClCompile>
    <ClCompile Include="src\Identifiable.cpp">
      <Filter>Remoting\Source Files</Filter>
    </ClCompile>
    <ClCompile Include="src\MethodHandler.cpp">
      <Filter>Remoting\Source Files</Filter>
    </ClCompile>
    <ClCompile Include="src\ORB.cpp">
      <Filter>Remoting\Source Files</Filter>
    </ClCompile>
    <ClCompile Include="src\Proxy.cpp">
      <Filter>Remoting\Source Files</Filter>
    </ClCompile>
    <ClCompile Include="src\ProxyFactory.cpp">
      <Filter>Remoting\Source Files</Filter>
    </ClCompile>
    <ClCompile Include="src\ProxyFactoryManager.cpp">
      <Filter>Remoting\Source Files</Filter>
    </ClCompile>
    <ClCompile Include="src\RemoteObject.cpp">
      <Filter>Remoting\Source Files</Filter>
    </ClCompile>
    <ClCompile Include="src\RemotingException.cpp">
      <Filter>Remoting\Source Files</Filter>
    </ClCompile>
    <ClCompile Include="src\Skeleton.cpp">
      <Filter>Remoting\Source Files</Filter>
    </ClCompile>
    <ClCompile Include="src\URIUtility.cpp">
      <Filter>Remoting\Source Files</Filter>
    </ClCompile>
    <ClCompile Include="src\BinaryDeserializer.cpp">
      <Filter>Serialization\Source Files</Filter>
    </ClCompile>
    <ClCompile Include="src\BinarySerializer.cpp">
      <Filter>Serialization\Source Files</Filter>
    </ClCompile>
    <ClCompile Include="src\Deserializer.cpp">
      <Filter>Serialization\Source Files</Filter>
    </ClCompile>
    <ClCompile Include="src\Serializer.cpp">
      <Filter>Serialization\Source Files</Filter>
    </ClCompile>
    <ClCompile Include="src\SerializerBase.cpp">
      <Filter>Serialization\Source Files</Filter>
    </ClCompile>
    <ClCompile Include="src\Context.cpp">
      <Filter>Transport\Source Files</Filter>
    </ClCompile>
    <ClCompile Include="src\EventListener.cpp">
      <Filter>Transport\Source Files</Filter>
    </ClCompile>
    <ClCompile Include="src\Listener.cpp">
      <Filter>Transport\Source Files</Filter>
    </ClCompile>
    <ClCompile Include="src\ServerTransport.cpp">
      <Filter>Transport\Source Files</Filter>
    </ClCompile>
    <ClCompile Include="src\Transport.cpp">
      <Filter>Transport\Source Files</Filter>
    </ClCompile>
    <ClCompile Include="src\TransportFactory.cpp">
      <Filter>Transport\Source Files</Filter>
    </ClCompile>
    <ClCompile Include="src\TransportFactoryManager.cpp">
      <Filter>Transport\Source Files</Filter>
    </ClCompile>
  </ItemGroup>
</Project>