<?xml version="1.0" encoding="utf-8"?>
<Project ToolsVersion="4.0" xmlns="http://schemas.microsoft.com/developer/msbuild/2003">
  <ItemGroup>
    <Filter Include="CppParser">
      <UniqueIdentifier>{2aae1577-1ad6-405b-b43c-158b403b1dee}</UniqueIdentifier>
    </Filter>
    <Filter Include="CppParser\Header Files">
      <UniqueIdentifier>{3275e6a9-a00d-4fb1-beae-311b7f764080}</UniqueIdentifier>
    </Filter>
    <Filter Include="CppParser\Source Files">
      <UniqueIdentifier>{e5e0fe40-e8d8-4c8b-ad8c-5e486bc63510}</UniqueIdentifier>
    </Filter>
    <Filter Include="_Suite">
      <UniqueIdentifier>{65b139e2-ceaf-4645-acd0-a0f56c2700c1}</UniqueIdentifier>
    </Filter>
    <Filter Include="_Suite\Header Files">
      <UniqueIdentifier>{557570f0-fcb3-4bb8-a8a3-a6f1942e3746}</UniqueIdentifier>
    </Filter>
    <Filter Include="_Suite\Source Files">
      <UniqueIdentifier>{2ef4f541-6d73-4305-992d-c3999d34598b}</UniqueIdentifier>
    </Filter>
    <Filter Include="_Driver">
      <UniqueIdentifier>{efb52ef4-2443-4426-966d-845f35a304f8}</UniqueIdentifier>
    </Filter>
    <Filter Include="_Driver\Source Files">
      <UniqueIdentifier>{2efe0586-2dbc-429b-b65b-9bf83e406547}</UniqueIdentifier>
    </Filter>
    <Filter Include="Attributes">
      <UniqueIdentifier>{56bcf7ea-5fdb-4479-b928-bc5e08827c32}</UniqueIdentifier>
    </Filter>
    <Filter Include="Attributes\Header Files">
      <UniqueIdentifier>{9b079d39-aa87-4af2-8db5-197ca08ad293}</UniqueIdentifier>
    </Filter>
    <Filter Include="Attributes\Source Files">
      <UniqueIdentifier>{09508843-7eea-4070-9e4c-a72c72cb412f}</UniqueIdentifier>
    </Filter>
  </ItemGroup>
  <ItemGroup>
    <ClInclude Include="src\CppParserTest.h">
      <Filter>CppParser\Header Files</Filter>
    </ClInclude>
    <ClInclude Include="src\CppParserTestSuite.h">
      <Filter>_Suite\Header Files</Filter>
    </ClInclude>
    <ClInclude Include="src\AttributesParserTest.h">
      <Filter>Attributes\Header Files</Filter>
    </ClInclude>
    <ClInclude Include="src\AttributesTestSuite.h">
      <Filter>Attributes\Header Files</Filter>
    </ClInclude>
  </ItemGroup>
  <ItemGroup>
    <ClCompile Include="src\CppParserTest.cpp">
      <Filter>CppParser\Source Files</Filter>
    </ClCompile>
    <ClCompile Include="src\CppParserTestSuite.cpp">
      <Filter>_Suite\Source Files</Filter>
    </ClCompile>
    <ClCompile Include="src\Driver.cpp">
      <Filter>_Driver\Source Files</Filter>
    </ClCompile>
    <ClCompile Include="src\AttributesParserTest.cpp">
      <Filter>Attributes\Source Files</Filter>
    </ClCompile>
    <ClCompile Include="src\AttributesTestSuite.cpp">
      <Filter>Attributes\Source Files</Filter>
    </ClCompile>
  </ItemGroup>
</Project>