<?xml version="1.0" encoding="utf-8"?>
<Project ToolsVersion="4.0" xmlns="http://schemas.microsoft.com/developer/msbuild/2003">
  <ItemGroup>
    <Filter Include="CodeGeneration">
      <UniqueIdentifier>{2e30880c-5c0d-4220-8176-90ca8e550e01}</UniqueIdentifier>
    </Filter>
    <Filter Include="CodeGeneration\Header Files">
      <UniqueIdentifier>{21bc0d98-f3c8-4577-aadc-de17ad50115c}</UniqueIdentifier>
    </Filter>
    <Filter Include="CodeGeneration\Source Files">
      <UniqueIdentifier>{4c87bd2b-4261-4217-8192-cbebcca90062}</UniqueIdentifier>
    </Filter>
  </ItemGroup>
  <ItemGroup>
    <ClInclude Include="include\Poco\CodeGeneration\CodeGeneration.h">
      <Filter>CodeGeneration\Header Files</Filter>
    </ClInclude>
    <ClInclude Include="include\Poco\CodeGeneration\CodeGenerator.h">
      <Filter>CodeGeneration\Header Files</Filter>
    </ClInclude>
    <ClInclude Include="include\Poco\CodeGeneration\CppGenerator.h">
      <Filter>CodeGeneration\Header Files</Filter>
    </ClInclude>
    <ClInclude Include="include\Poco\CodeGeneration\GeneratorEngine.h">
      <Filter>CodeGeneration\Header Files</Filter>
    </ClInclude>
    <ClInclude Include="include\Poco\CodeGeneration\MethodPropertyFilter.h">
      <Filter>CodeGeneration\Header Files</Filter>
    </ClInclude>
    <ClInclude Include="include\Poco\CodeGeneration\Utility.h">
      <Filter>CodeGeneration\Header Files</Filter>
    </ClInclude>
  </ItemGroup>
  <ItemGroup>
    <ClCompile Include="src\CodeGenerator.cpp">
      <Filter>CodeGeneration\Source Files</Filter>
    </ClCompile>
    <ClCompile Include="src\CppGenerator.cpp">
      <Filter>CodeGeneration\Source Files</Filter>
    </ClCompile>
    <ClCompile Include="src\GeneratorEngine.cpp">
      <Filter>CodeGeneration\Source Files</Filter>
    </ClCompile>
    <ClCompile Include="src\MethodPropertyFilter.cpp">
      <Filter>CodeGeneration\Source Files</Filter>
    </ClCompile>
    <ClCompile Include="src\Utility.cpp">
      <Filter>CodeGeneration\Source Files</Filter>
    </ClCompile>
  </ItemGroup>
</Project>