<?xml version="1.0" encoding="utf-8"?>
<Project ToolsVersion="4.0" xmlns="http://schemas.microsoft.com/developer/msbuild/2003">
  <ItemGroup>
    <Filter Include="CodeGeneration">
      <UniqueIdentifier>{70891a6c-968d-4076-96a3-83b42aa8f3c8}</UniqueIdentifier>
    </Filter>
    <Filter Include="CodeGeneration\Header Files">
      <UniqueIdentifier>{4ab8858a-786d-4685-a147-6205f1702ce3}</UniqueIdentifier>
    </Filter>
    <Filter Include="CodeGeneration\Source Files">
      <UniqueIdentifier>{ef9996d6-6bee-4963-90b0-be0927f4cf8e}</UniqueIdentifier>
    </Filter>
  </ItemGroup>
  <ItemGroup>
    <ClInclude Include="include\Poco\CodeGeneration\CodeGeneration.h">
      <Filter>CodeGeneration\Header Files</Filter>
    </ClInclude>
    <ClInclude Include="include\Poco\CodeGeneration\CodeGenerator.h">
      <Filter>CodeGeneration\Header Files</Filter>
    </ClInclude>
    <ClInclude Include="include\Poco\CodeGeneration\CppGenerator.h">
      <Filter>CodeGeneration\Header Files</Filter>
    </ClInclude>
    <ClInclude Include="include\Poco\CodeGeneration\GeneratorEngine.h">
      <Filter>CodeGeneration\Header Files</Filter>
    </ClInclude>
    <ClInclude Include="include\Poco\CodeGeneration\MethodPropertyFilter.h">
      <Filter>CodeGeneration\Header Files</Filter>
    </ClInclude>
    <ClInclude Include="include\Poco\CodeGeneration\Utility.h">
      <Filter>CodeGeneration\Header Files</Filter>
    </ClInclude>
  </ItemGroup>
  <ItemGroup>
    <ClCompile Include="src\CodeGenerator.cpp">
      <Filter>CodeGeneration\Source Files</Filter>
    </ClCompile>
    <ClCompile Include="src\CppGenerator.cpp">
      <Filter>CodeGeneration\Source Files</Filter>
    </ClCompile>
    <ClCompile Include="src\GeneratorEngine.cpp">
      <Filter>CodeGeneration\Source Files</Filter>
    </ClCompile>
    <ClCompile Include="src\MethodPropertyFilter.cpp">
      <Filter>CodeGeneration\Source Files</Filter>
    </ClCompile>
    <ClCompile Include="src\Utility.cpp">
      <Filter>CodeGeneration\Source Files</Filter>
    </ClCompile>
  </ItemGroup>
</Project>