Microsoft Visual Studio Solution File, Format Version 14.00
# Visual Studio 2015
Project("{8BC9CEB8-8B4A-11D0-8D11-00A0C91BC942}") = "BundleCreator", "BundleCreator_vs140.vcxproj", "{B933DFF0-6DE8-4476-AA6C-8E8501523462}"
EndProject
Global
	GlobalSection(SolutionConfigurationPlatforms) = preSolution
		debug_shared|Win32 = debug_shared|Win32
		release_shared|Win32 = release_shared|Win32
	EndGlobalSection
	GlobalSection(ProjectConfigurationPlatforms) = postSolution
		{B933DFF0-6DE8-4476-AA6C-8E8501523462}.debug_shared|Win32.ActiveCfg = debug_shared|Win32
		{B933DFF0-6DE8-4476-AA6C-8E8501523462}.debug_shared|Win32.Build.0 = debug_shared|Win32
		{B933DFF0-6DE8-4476-AA6C-8E8501523462}.debug_shared|Win32.Deploy.0 = debug_shared|Win32
		{B933DFF0-6DE8-4476-AA6C-8E8501523462}.release_shared|Win32.ActiveCfg = release_shared|Win32
		{B933DFF0-6DE8-4476-AA6C-8E8501523462}.release_shared|Win32.Build.0 = release_shared|Win32
		{B933DFF0-6DE8-4476-AA6C-8E8501523462}.release_shared|Win32.Deploy.0 = release_shared|Win32
	EndGlobalSection
	GlobalSection(SolutionProperties) = preSolution
		HideSolutionNode = FALSE
	EndGlobalSection
EndGlobal
