<?xml version="1.0" encoding="utf-8"?>
<Project ToolsVersion="4.0" xmlns="http://schemas.microsoft.com/developer/msbuild/2003">
  <ItemGroup>
    <Filter Include="Source Files">
      <UniqueIdentifier>{4FC737F1-C7A5-4376-A066-2A32D752A2FF}</UniqueIdentifier>
      <Extensions>cpp;c;cxx;def;odl;idl;hpj;bat;asm;asmx</Extensions>
    </Filter>
    <Filter Include="Header Files">
      <UniqueIdentifier>{c697bed1-ec4b-4e6c-a9df-e977385fa4eb}</UniqueIdentifier>
    </Filter>
    <Filter Include="Bundle Specification">
      <UniqueIdentifier>{5af239b1-13f2-475a-96e8-9dd13c2da2d9}</UniqueIdentifier>
    </Filter>
  </ItemGroup>
  <ItemGroup>
    <ClCompile Include="src\Preferences.cpp">
      <Filter>Source Files</Filter>
    </ClCompile>
  </ItemGroup>
  <ItemGroup>
    <None Include="Preferences.bndlspec">
      <Filter>Bundle Specification</Filter>
    </None>
  </ItemGroup>
</Project>