<?xml version="1.0" encoding="utf-8"?>
<Project ToolsVersion="4.0" xmlns="http://schemas.microsoft.com/developer/msbuild/2003">
  <ItemGroup>
    <Filter Include="Source Files">
      <UniqueIdentifier>{4FC737F1-C7A5-4376-A066-2A32D752A2FF}</UniqueIdentifier>
      <Extensions>cpp;c;cxx;def;odl;idl;hpj;bat;asm;asmx</Extensions>
    </Filter>
    <Filter Include="Header Files">
      <UniqueIdentifier>{434bfd4e-bb6e-4348-b064-3db599bfe186}</UniqueIdentifier>
    </Filter>
    <Filter Include="Bundle Specification">
      <UniqueIdentifier>{33a831cc-8074-4846-b2b2-84f7707796ec}</UniqueIdentifier>
    </Filter>
  </ItemGroup>
  <ItemGroup>
    <ClCompile Include="src\WebIndex.cpp">
      <Filter>Source Files</Filter>
    </ClCompile>
  </ItemGroup>
  <ItemGroup>
    <Xml Include="bundle\extensions.xml">
      <Filter>Bundle Specification</Filter>
    </Xml>
  </ItemGroup>
  <ItemGroup>
    <None Include="WebIndex.bndlspec">
      <Filter>Bundle Specification</Filter>
    </None>
  </ItemGroup>
</Project>